// !$*UTF8*$!
{
	archiveVersion = 1;
	classes = {
	};
	objectVersion = 46;
	objects = {

/* Begin PBXBuildFile section */
		E8A4139B1E01C7A000BE0DC0 /* AppDelegate.swift in Sources */ = {isa = PBXBuildFile; fileRef = E8A4139A1E01C7A000BE0DC0 /* AppDelegate.swift */; };
		E8A4139D1E01C7A000BE0DC0 /* ViewController.swift in Sources */ = {isa = PBXBuildFile; fileRef = E8A4139C1E01C7A000BE0DC0 /* ViewController.swift */; };
		E8A413A01E01C7A000BE0DC0 /* Main.storyboard in Resources */ = {isa = PBXBuildFile; fileRef = E8A4139E1E01C7A000BE0DC0 /* Main.storyboard */; };
		E8A413A31E01C7A000BE0DC0 /* MiraclePills.xcdatamodeld in Sources */ = {isa = PBXBuildFile; fileRef = E8A413A11E01C7A000BE0DC0 /* MiraclePills.xcdatamodeld */; };
		E8A413A51E01C7A000BE0DC0 /* Assets.xcassets in Resources */ = {isa = PBXBuildFile; fileRef = E8A413A41E01C7A000BE0DC0 /* Assets.xcassets */; };
		E8A413A81E01C7A000BE0DC0 /* LaunchScreen.storyboard in Resources */ = {isa = PBXBuildFile; fileRef = E8A413A61E01C7A000BE0DC0 /* LaunchScreen.storyboard */; };
		E8A413B31E01C7A100BE0DC0 /* MiraclePillsTests.swift in Sources */ = {isa = PBXBuildFile; fileRef = E8A413B21E01C7A100BE0DC0 /* MiraclePillsTests.swift */; };
		E8A413BE1E01C7A100BE0DC0 /* MiraclePillsUITests.swift in Sources */ = {isa = PBXBuildFile; fileRef = E8A413BD1E01C7A100BE0DC0 /* MiraclePillsUITests.swift */; };
/* End PBXBuildFile section */

/* Begin PBXContainerItemProxy section */
		E8A413AF1E01C7A100BE0DC0 /* PBXContainerItemProxy */ = {
			isa = PBXContainerItemProxy;
			containerPortal = E8A4138F1E01C7A000BE0DC0 /* Project object */;
			proxyType = 1;
			remoteGlobalIDString = E8A413961E01C7A000BE0DC0;
			remoteInfo = MiraclePills;
		};
		E8A413BA1E01C7A100BE0DC0 /* PBXContainerItemProxy */ = {
			isa = PBXContainerItemProxy;
			containerPortal = E8A4138F1E01C7A000BE0DC0 /* Project object */;
			proxyType = 1;
			remoteGlobalIDString = E8A413961E01C7A000BE0DC0;
			remoteInfo = MiraclePills;
		};
/* End PBXContainerItemProxy section */

/* Begin PBXFileReference section */
		E8A413971E01C7A000BE0DC0 /* MiraclePills.app */ = {isa = PBXFileReference; explicitFileType = wrapper.application; includeInIndex = 0; path = MiraclePills.app; sourceTree = BUILT_PRODUCTS_DIR; };
		E8A4139A1E01C7A000BE0DC0 /* AppDelegate.swift */ = {isa = PBXFileReference; lastKnownFileType = sourcecode.swift; path = AppDelegate.swift; sourceTree = "<group>"; };
		E8A4139C1E01C7A000BE0DC0 /* ViewController.swift */ = {isa = PBXFileReference; lastKnownFileType = sourcecode.swift; path = ViewController.swift; sourceTree = "<group>"; };
		E8A4139F1E01C7A000BE0DC0 /* Base */ = {isa = PBXFileReference; lastKnownFileType = file.storyboard; name = Base; path = Base.lproj/Main.storyboard; sourceTree = "<group>"; };
		E8A413A21E01C7A000BE0DC0 /* MiraclePills.xcdatamodel */ = {isa = PBXFileReference; lastKnownFileType = wrapper.xcdatamodel; path = MiraclePills.xcdatamodel; sourceTree = "<group>"; };
		E8A413A41E01C7A000BE0DC0 /* Assets.xcassets */ = {isa = PBXFileReference; lastKnownFileType = folder.assetcatalog; path = Assets.xcassets; sourceTree = "<group>"; };
		E8A413A71E01C7A000BE0DC0 /* Base */ = {isa = PBXFileReference; lastKnownFileType = file.storyboard; name = Base; path = Base.lproj/LaunchScreen.storyboard; sourceTree = "<group>"; };
		E8A413A91E01C7A000BE0DC0 /* Info.plist */ = {isa = PBXFileReference; lastKnownFileType = text.plist.xml; path = Info.plist; sourceTree = "<group>"; };
		E8A413AE1E01C7A100BE0DC0 /* MiraclePillsTests.xctest */ = {isa = PBXFileReference; explicitFileType = wrapper.cfbundle; includeInIndex = 0; path = MiraclePillsTests.xctest; sourceTree = BUILT_PRODUCTS_DIR; };
		E8A413B21E01C7A100BE0DC0 /* MiraclePillsTests.swift */ = {isa = PBXFileReference; lastKnownFileType = sourcecode.swift; path = MiraclePillsTests.swift; sourceTree = "<group>"; };
		E8A413B41E01C7A100BE0DC0 /* Info.plist */ = {isa = PBXFileReference; lastKnownFileType = text.plist.xml; path = Info.plist; sourceTree = "<group>"; };
		E8A413B91E01C7A100BE0DC0 /* MiraclePillsUITests.xctest */ = {isa = PBXFileReference; explicitFileType = wrapper.cfbundle; includeInIndex = 0; path = MiraclePillsUITests.xctest; sourceTree = BUILT_PRODUCTS_DIR; };
		E8A413BD1E01C7A100BE0DC0 /* MiraclePillsUITests.swift */ = {isa = PBXFileReference; lastKnownFileType = sourcecode.swift; path = MiraclePillsUITests.swift; sourceTree = "<group>"; };
		E8A413BF1E01C7A100BE0DC0 /* Info.plist */ = {isa = PBXFileReference; lastKnownFileType = text.plist.xml; path = Info.plist; sourceTree = "<group>"; };
/* End PBXFileReference section */

/* Begin PBXFrameworksBuildPhase section */
		E8A413941E01C7A000BE0DC0 /* Frameworks */ = {
			isa = PBXFrameworksBuildPhase;
			buildActionMask = 2147483647;
			files = (
			);
			runOnlyForDeploymentPostprocessing = 0;
		};
		E8A413AB1E01C7A100BE0DC0 /* Frameworks */ = {
			isa = PBXFrameworksBuildPhase;
			buildActionMask = 2147483647;
			files = (
			);
			runOnlyForDeploymentPostprocessing = 0;
		};
		E8A413B61E01C7A100BE0DC0 /* Frameworks */ = {
			isa = PBXFrameworksBuildPhase;
			buildActionMask = 2147483647;
			files = (
			);
			runOnlyForDeploymentPostprocessing = 0;
		};
/* End PBXFrameworksBuildPhase section */

/* Begin PBXGroup section */
		E8A4138E1E01C7A000BE0DC0 = {
			isa = PBXGroup;
			children = (
				E8A413991E01C7A000BE0DC0 /* MiraclePills */,
				E8A413B11E01C7A100BE0DC0 /* MiraclePillsTests */,
				E8A413BC1E01C7A100BE0DC0 /* MiraclePillsUITests */,
				E8A413981E01C7A000BE0DC0 /* Products */,
			);
			sourceTree = "<group>";
		};
		E8A413981E01C7A000BE0DC0 /* Products */ = {
			isa = PBXGroup;
			children = (
				E8A413971E01C7A000BE0DC0 /* MiraclePills.app */,
				E8A413AE1E01C7A100BE0DC0 /* MiraclePillsTests.xctest */,
				E8A413B91E01C7A100BE0DC0 /* MiraclePillsUITests.xctest */,
			);
			name = Products;
			sourceTree = "<group>";
		};
		E8A413991E01C7A000BE0DC0 /* MiraclePills */ = {
			isa = PBXGroup;
			children = (
				E8A4139A1E01C7A000BE0DC0 /* AppDelegate.swift */,
				E8A4139C1E01C7A000BE0DC0 /* ViewController.swift */,
				E8A4139E1E01C7A000BE0DC0 /* Main.storyboard */,
				E8A413A41E01C7A000BE0DC0 /* Assets.xcassets */,
				E8A413A61E01C7A000BE0DC0 /* LaunchScreen.storyboard */,
				E8A413A91E01C7A000BE0DC0 /* Info.plist */,
				E8A413A11E01C7A000BE0DC0 /* MiraclePills.xcdatamodeld */,
			);
			path = MiraclePills;
			sourceTree = "<group>";
		};
		E8A413B11E01C7A100BE0DC0 /* MiraclePillsTests */ = {
			isa = PBXGroup;
			children = (
				E8A413B21E01C7A100BE0DC0 /* MiraclePillsTests.swift */,
				E8A413B41E01C7A100BE0DC0 /* Info.plist */,
			);
			path = MiraclePillsTests;
			sourceTree = "<group>";
		};
		E8A413BC1E01C7A100BE0DC0 /* MiraclePillsUITests */ = {
			isa = PBXGroup;
			children = (
				E8A413BD1E01C7A100BE0DC0 /* MiraclePillsUITests.swift */,
				E8A413BF1E01C7A100BE0DC0 /* Info.plist */,
			);
			path = MiraclePillsUITests;
			sourceTree = "<group>";
		};
/* End PBXGroup section */

/* Begin PBXNativeTarget section */
		E8A413961E01C7A000BE0DC0 /* MiraclePills */ = {
			isa = PBXNativeTarget;
			buildConfigurationList = E8A413C21E01C7A100BE0DC0 /* Build configuration list for PBXNativeTarget "MiraclePills" */;
			buildPhases = (
				E8A413931E01C7A000BE0DC0 /* Sources */,
				E8A413941E01C7A000BE0DC0 /* Frameworks */,
				E8A413951E01C7A000BE0DC0 /* Resources */,
			);
			buildRules = (
			);
			dependencies = (
			);
			name = MiraclePills;
			productName = MiraclePills;
			productReference = E8A413971E01C7A000BE0DC0 /* MiraclePills.app */;
			productType = "com.apple.product-type.application";
		};
		E8A413AD1E01C7A100BE0DC0 /* MiraclePillsTests */ = {
			isa = PBXNativeTarget;
			buildConfigurationList = E8A413C51E01C7A100BE0DC0 /* Build configuration list for PBXNativeTarget "MiraclePillsTests" */;
			buildPhases = (
				E8A413AA1E01C7A100BE0DC0 /* Sources */,
				E8A413AB1E01C7A100BE0DC0 /* Frameworks */,
				E8A413AC1E01C7A100BE0DC0 /* Resources */,
			);
			buildRules = (
			);
			dependencies = (
				E8A413B01E01C7A100BE0DC0 /* PBXTargetDependency */,
			);
			name = MiraclePillsTests;
			productName = MiraclePillsTests;
			productReference = E8A413AE1E01C7A100BE0DC0 /* MiraclePillsTests.xctest */;
			productType = "com.apple.product-type.bundle.unit-test";
		};
		E8A413B81E01C7A100BE0DC0 /* MiraclePillsUITests */ = {
			isa = PBXNativeTarget;
			buildConfigurationList = E8A413C81E01C7A100BE0DC0 /* Build configuration list for PBXNativeTarget "MiraclePillsUITests" */;
			buildPhases = (
				E8A413B51E01C7A100BE0DC0 /* Sources */,
				E8A413B61E01C7A100BE0DC0 /* Frameworks */,
				E8A413B71E01C7A100BE0DC0 /* Resources */,
			);
			buildRules = (
			);
			dependencies = (
				E8A413BB1E01C7A100BE0DC0 /* PBXTargetDependency */,
			);
			name = MiraclePillsUITests;
			productName = MiraclePillsUITests;
			productReference = E8A413B91E01C7A100BE0DC0 /* MiraclePillsUITests.xctest */;
			productType = "com.apple.product-type.bundle.ui-testing";
		};
/* End PBXNativeTarget section */

/* Begin PBXProject section */
		E8A4138F1E01C7A000BE0DC0 /* Project object */ = {
			isa = PBXProject;
			attributes = {
				LastSwiftUpdateCheck = 0810;
				LastUpgradeCheck = 0810;
				ORGANIZATIONNAME = Teodora;
				TargetAttributes = {
					E8A413961E01C7A000BE0DC0 = {
						CreatedOnToolsVersion = 8.1;
						DevelopmentTeam = L6MS642N37;
						ProvisioningStyle = Automatic;
					};
					E8A413AD1E01C7A100BE0DC0 = {
						CreatedOnToolsVersion = 8.1;
						DevelopmentTeam = L6MS642N37;
						ProvisioningStyle = Automatic;
						TestTargetID = E8A413961E01C7A000BE0DC0;
					};
					E8A413B81E01C7A100BE0DC0 = {
						CreatedOnToolsVersion = 8.1;
						DevelopmentTeam = L6MS642N37;
						ProvisioningStyle = Automatic;
						TestTargetID = E8A413961E01C7A000BE0DC0;
					};
				};
			};
			buildConfigurationList = E8A413921E01C7A000BE0DC0 /* Build configuration list for PBXProject "MiraclePills" */;
			compatibilityVersion = "Xcode 3.2";
			developmentRegion = English;
			hasScannedForEncodings = 0;
			knownRegions = (
				en,
				Base,
			);
			mainGroup = E8A4138E1E01C7A000BE0DC0;
			productRefGroup = E8A413981E01C7A000BE0DC0 /* Products */;
			projectDirPath = "";
			projectRoot = "";
			targets = (
				E8A413961E01C7A000BE0DC0 /* MiraclePills */,
				E8A413AD1E01C7A100BE0DC0 /* MiraclePillsTests */,
				E8A413B81E01C7A100BE0DC0 /* MiraclePillsUITests */,
			);
		};
/* End PBXProject section */

/* Begin PBXResourcesBuildPhase section */
		E8A413951E01C7A000BE0DC0 /* Resources */ = {
			isa = PBXResourcesBuildPhase;
			buildActionMask = 2147483647;
			files = (
				E8A413A81E01C7A000BE0DC0 /* LaunchScreen.storyboard in Resources */,
				E8A413A51E01C7A000BE0DC0 /* Assets.xcassets in Resources */,
				E8A413A01E01C7A000BE0DC0 /* Main.storyboard in Resources */,
			);
			runOnlyForDeploymentPostprocessing = 0;
		};
		E8A413AC1E01C7A100BE0DC0 /* Resources */ = {
			isa = PBXResourcesBuildPhase;
			buildActionMask = 2147483647;
			files = (
			);
			runOnlyForDeploymentPostprocessing = 0;
		};
		E8A413B71E01C7A100BE0DC0 /* Resources */ = {
			isa = PBXResourcesBuildPhase;
			buildActionMask = 2147483647;
			files = (
			);
			runOnlyForDeploymentPostprocessing = 0;
		};
/* End PBXResourcesBuildPhase section */

/* Begin PBXSourcesBuildPhase section */
		E8A413931E01C7A000BE0DC0 /* Sources */ = {
			isa = PBXSourcesBuildPhase;
			buildActionMask = 2147483647;
			files = (
				E8A4139D1E01C7A000BE0DC0 /* ViewController.swift in Sources */,
				E8A413A31E01C7A000BE0DC0 /* MiraclePills.xcdatamodeld in Sources */,
				E8A4139B1E01C7A000BE0DC0 /* AppDelegate.swift in Sources */,
			);
			runOnlyForDeploymentPostprocessing = 0;
		};
		E8A413AA1E01C7A100BE0DC0 /* Sources */ = {
			isa = PBXSourcesBuildPhase;
			buildActionMask = 2147483647;
			files = (
				E8A413B31E01C7A100BE0DC0 /* MiraclePillsTests.swift in Sources */,
			);
			runOnlyForDeploymentPostprocessing = 0;
		};
		E8A413B51E01C7A100BE0DC0 /* Sources */ = {
			isa = PBXSourcesBuildPhase;
			buildActionMask = 2147483647;
			files = (
				E8A413BE1E01C7A100BE0DC0 /* MiraclePillsUITests.swift in Sources */,
			);
			runOnlyForDeploymentPostprocessing = 0;
		};
/* End PBXSourcesBuildPhase section */

/* Begin PBXTargetDependency section */
		E8A413B01E01C7A100BE0DC0 /* PBXTargetDependency */ = {
			isa = PBXTargetDependency;
			target = E8A413961E01C7A000BE0DC0 /* MiraclePills */;
			targetProxy = E8A413AF1E01C7A100BE0DC0 /* PBXContainerItemProxy */;
		};
		E8A413BB1E01C7A100BE0DC0 /* PBXTargetDependency */ = {
			isa = PBXTargetDependency;
			target = E8A413961E01C7A000BE0DC0 /* MiraclePills */;
			targetProxy = E8A413BA1E01C7A100BE0DC0 /* PBXContainerItemProxy */;
		};
/* End PBXTargetDependency section */

/* Begin PBXVariantGroup section */
		E8A4139E1E01C7A000BE0DC0 /* Main.storyboard */ = {
			isa = PBXVariantGroup;
			children = (
				E8A4139F1E01C7A000BE0DC0 /* Base */,
			);
			name = Main.storyboard;
			sourceTree = "<group>";
		};
		E8A413A61E01C7A000BE0DC0 /* LaunchScreen.storyboard */ = {
			isa = PBXVariantGroup;
			children = (
				E8A413A71E01C7A000BE0DC0 /* Base */,
			);
			name = LaunchScreen.storyboard;
			sourceTree = "<group>";
		};
/* End PBXVariantGroup section */

/* Begin XCBuildConfiguration section */
		E8A413C01E01C7A100BE0DC0 /* Debug */ = {
			isa = XCBuildConfiguration;
			buildSettings = {
				ALWAYS_SEARCH_USER_PATHS = NO;
				CLANG_ANALYZER_NONNULL = YES;
				CLANG_CXX_LANGUAGE_STANDARD = "gnu++0x";
				CLANG_CXX_LIBRARY = "libc++";
				CLANG_ENABLE_MODULES = YES;
				CLANG_ENABLE_OBJC_ARC = YES;
				CLANG_WARN_BOOL_CONVERSION = YES;
				CLANG_WARN_CONSTANT_CONVERSION = YES;
				CLANG_WARN_DIRECT_OBJC_ISA_USAGE = YES_ERROR;
				CLANG_WARN_DOCUMENTATION_COMMENTS = YES;
				CLANG_WARN_EMPTY_BODY = YES;
				CLANG_WARN_ENUM_CONVERSION = YES;
				CLANG_WARN_INFINITE_RECURSION = YES;
				CLANG_WARN_INT_CONVERSION = YES;
				CLANG_WARN_OBJC_ROOT_CLASS = YES_ERROR;
				CLANG_WARN_SUSPICIOUS_MOVES = YES;
				CLANG_WARN_UNREACHABLE_CODE = YES;
				CLANG_WARN__DUPLICATE_METHOD_MATCH = YES;
				"CODE_SIGN_IDENTITY[sdk=iphoneos*]" = "iPhone Developer";
				COPY_PHASE_STRIP = NO;
				DEBUG_INFORMATION_FORMAT = dwarf;
				ENABLE_STRICT_OBJC_MSGSEND = YES;
				ENABLE_TESTABILITY = YES;
				GCC_C_LANGUAGE_STANDARD = gnu99;
				GCC_DYNAMIC_NO_PIC = NO;
				GCC_NO_COMMON_BLOCKS = YES;
				GCC_OPTIMIZATION_LEVEL = 0;
				GCC_PREPROCESSOR_DEFINITIONS = (
					"DEBUG=1",
					"$(inherited)",
				);
				GCC_WARN_64_TO_32_BIT_CONVERSION = YES;
				GCC_WARN_ABOUT_RETURN_TYPE = YES_ERROR;
				GCC_WARN_UNDECLARED_SELECTOR = YES;
				GCC_WARN_UNINITIALIZED_AUTOS = YES_AGGRESSIVE;
				GCC_WARN_UNUSED_FUNCTION = YES;
				GCC_WARN_UNUSED_VARIABLE = YES;
				IPHONEOS_DEPLOYMENT_TARGET = 10.1;
				MTL_ENABLE_DEBUG_INFO = YES;
				ONLY_ACTIVE_ARCH = YES;
				SDKROOT = iphoneos;
				SWIFT_ACTIVE_COMPILATION_CONDITIONS = DEBUG;
				SWIFT_OPTIMIZATION_LEVEL = "-Onone";
				TARGETED_DEVICE_FAMILY = "1,2";
			};
			name = Debug;
		};
		E8A413C11E01C7A100BE0DC0 /* Release */ = {
			isa = XCBuildConfiguration;
			buildSettings = {
				ALWAYS_SEARCH_USER_PATHS = NO;
				CLANG_ANALYZER_NONNULL = YES;
				CLANG_CXX_LANGUAGE_STANDARD = "gnu++0x";
				CLANG_CXX_LIBRARY = "libc++";
				CLANG_ENABLE_MODULES = YES;
				CLANG_ENABLE_OBJC_ARC = YES;
				CLANG_WARN_BOOL_CONVERSION = YES;
				CLANG_WARN_CONSTANT_CONVERSION = YES;
				CLANG_WARN_DIRECT_OBJC_ISA_USAGE = YES_ERROR;
				CLANG_WARN_DOCUMENTATION_COMMENTS = YES;
				CLANG_WARN_EMPTY_BODY = YES;
				CLANG_WARN_ENUM_CONVERSION = YES;
				CLANG_WARN_INFINITE_RECURSION = YES;
				CLANG_WARN_INT_CONVERSION = YES;
				CLANG_WARN_OBJC_ROOT_CLASS = YES_ERROR;
				CLANG_WARN_SUSPICIOUS_MOVES = YES;
				CLANG_WARN_UNREACHABLE_CODE = YES;
				CLANG_WARN__DUPLICATE_METHOD_MATCH = YES;
				"CODE_SIGN_IDENTITY[sdk=iphoneos*]" = "iPhone Developer";
				COPY_PHASE_STRIP = NO;
				DEBUG_INFORMATION_FORMAT = "dwarf-with-dsym";
				ENABLE_NS_ASSERTIONS = NO;
				ENABLE_STRICT_OBJC_MSGSEND = YES;
				GCC_C_LANGUAGE_STANDARD = gnu99;
				GCC_NO_COMMON_BLOCKS = YES;
				GCC_WARN_64_TO_32_BIT_CONVERSION = YES;
				GCC_WARN_ABOUT_RETURN_TYPE = YES_ERROR;
				GCC_WARN_UNDECLARED_SELECTOR = YES;
				GCC_WARN_UNINITIALIZED_AUTOS = YES_AGGRESSIVE;
				GCC_WARN_UNUSED_FUNCTION = YES;
				GCC_WARN_UNUSED_VARIABLE = YES;
				IPHONEOS_DEPLOYMENT_TARGET = 10.1;
				MTL_ENABLE_DEBUG_INFO = NO;
				SDKROOT = iphoneos;
				SWIFT_OPTIMIZATION_LEVEL = "-Owholemodule";
				TARGETED_DEVICE_FAMILY = "1,2";
				VALIDATE_PRODUCT = YES;
			};
			name = Release;
		};
		E8A413C31E01C7A100BE0DC0 /* Debug */ = {
			isa = XCBuildConfiguration;
			buildSettings = {
				ASSETCATALOG_COMPILER_APPICON_NAME = AppIcon;
				DEVELOPMENT_TEAM = L6MS642N37;
				INFOPLIST_FILE = MiraclePills/Info.plist;
				LD_RUNPATH_SEARCH_PATHS = "$(inherited) @executable_path/Frameworks";
				PRODUCT_BUNDLE_IDENTIFIER = teodora.MiraclePills;
				PRODUCT_NAME = "$(TARGET_NAME)";
				SWIFT_VERSION = 3.0;
			};
			name = Debug;
		};
		E8A413C41E01C7A100BE0DC0 /* Release */ = {
			isa = XCBuildConfiguration;
			buildSettings = {
				ASSETCATALOG_COMPILER_APPICON_NAME = AppIcon;
				DEVELOPMENT_TEAM = L6MS642N37;
				INFOPLIST_FILE = MiraclePills/Info.plist;
				LD_RUNPATH_SEARCH_PATHS = "$(inherited) @executable_path/Frameworks";
				PRODUCT_BUNDLE_IDENTIFIER = teodora.MiraclePills;
				PRODUCT_NAME = "$(TARGET_NAME)";
				SWIFT_VERSION = 3.0;
			};
			name = Release;
		};
		E8A413C61E01C7A100BE0DC0 /* Debug */ = {
			isa = XCBuildConfiguration;
			buildSettings = {
				ALWAYS_EMBED_SWIFT_STANDARD_LIBRARIES = YES;
				BUNDLE_LOADER = "$(TEST_HOST)";
				DEVELOPMENT_TEAM = L6MS642N37;
				INFOPLIST_FILE = MiraclePillsTests/Info.plist;
				LD_RUNPATH_SEARCH_PATHS = "$(inherited) @executable_path/Frameworks @loader_path/Frameworks";
				PRODUCT_BUNDLE_IDENTIFIER = teodora.MiraclePillsTests;
				PRODUCT_NAME = "$(TARGET_NAME)";
				SWIFT_VERSION = 3.0;
				TEST_HOST = "$(BUILT_PRODUCTS_DIR)/MiraclePills.app/MiraclePills";
			};
			name = Debug;
		};
		E8A413C71E01C7A100BE0DC0 /* Release */ = {
			isa = XCBuildConfiguration;
			buildSettings = {
				ALWAYS_EMBED_SWIFT_STANDARD_LIBRARIES = YES;
				BUNDLE_LOADER = "$(TEST_HOST)";
				DEVELOPMENT_TEAM = L6MS642N37;
				INFOPLIST_FILE = MiraclePillsTests/Info.plist;
				LD_RUNPATH_SEARCH_PATHS = "$(inherited) @executable_path/Frameworks @loader_path/Frameworks";
				PRODUCT_BUNDLE_IDENTIFIER = teodora.MiraclePillsTests;
				PRODUCT_NAME = "$(TARGET_NAME)";
				SWIFT_VERSION = 3.0;
				TEST_HOST = "$(BUILT_PRODUCTS_DIR)/MiraclePills.app/MiraclePills";
			};
			name = Release;
		};
		E8A413C91E01C7A100BE0DC0 /* Debug */ = {
			isa = XCBuildConfiguration;
			buildSettings = {
				ALWAYS_EMBED_SWIFT_STANDARD_LIBRARIES = YES;
				DEVELOPMENT_TEAM = L6MS642N37;
				INFOPLIST_FILE = MiraclePillsUITests/Info.plist;
				LD_RUNPATH_SEARCH_PATHS = "$(inherited) @executable_path/Frameworks @loader_path/Frameworks";
				PRODUCT_BUNDLE_IDENTIFIER = teodora.MiraclePillsUITests;
				PRODUCT_NAME = "$(TARGET_NAME)";
				SWIFT_VERSION = 3.0;
				TEST_TARGET_NAME = MiraclePills;
			};
			name = Debug;
		};
		E8A413CA1E01C7A100BE0DC0 /* Release */ = {
			isa = XCBuildConfiguration;
			buildSettings = {
				ALWAYS_EMBED_SWIFT_STANDARD_LIBRARIES = YES;
				DEVELOPMENT_TEAM = L6MS642N37;
				INFOPLIST_FILE = MiraclePillsUITests/Info.plist;
				LD_RUNPATH_SEARCH_PATHS = "$(inherited) @executable_path/Frameworks @loader_path/Frameworks";
				PRODUCT_BUNDLE_IDENTIFIER = teodora.MiraclePillsUITests;
				PRODUCT_NAME = "$(TARGET_NAME)";
				SWIFT_VERSION = 3.0;
				TEST_TARGET_NAME = MiraclePills;
			};
			name = Release;
		};
/* End XCBuildConfiguration section */

/* Begin XCConfigurationList section */
		E8A413921E01C7A000BE0DC0 /* Build configuration list for PBXProject "MiraclePills" */ = {
			isa = XCConfigurationList;
			buildConfigurations = (
				E8A413C01E01C7A100BE0DC0 /* Debug */,
				E8A413C11E01C7A100BE0DC0 /* Release */,
			);
			defaultConfigurationIsVisible = 0;
			defaultConfigurationName = Release;
		};
		E8A413C21E01C7A100BE0DC0 /* Build configuration list for PBXNativeTarget "MiraclePills" */ = {
			isa = XCConfigurationList;
			buildConfigurations = (
				E8A413C31E01C7A100BE0DC0 /* Debug */,
				E8A413C41E01C7A100BE0DC0 /* Release */,
			);
			defaultConfigurationIsVisible = 0;
		};
		E8A413C51E01C7A100BE0DC0 /* Build configuration list for PBXNativeTarget "MiraclePillsTests" */ = {
			isa = XCConfigurationList;
			buildConfigurations = (
				E8A413C61E01C7A100BE0DC0 /* Debug */,
				E8A413C71E01C7A100BE0DC0 /* Release */,
			);
			defaultConfigurationIsVisible = 0;
		};
		E8A413C81E01C7A100BE0DC0 /* Build configuration list for PBXNativeTarget "MiraclePillsUITests" */ = {
			isa = XCConfigurationList;
			buildConfigurations = (
				E8A413C91E01C7A100BE0DC0 /* Debug */,
				E8A413CA1E01C7A100BE0DC0 /* Release */,
			);
			defaultConfigurationIsVisible = 0;
		};
/* End XCConfigurationList section */

/* Begin XCVersionGroup section */
		E8A413A11E01C7A000BE0DC0 /* MiraclePills.xcdatamodeld */ = {
			isa = XCVersionGroup;
			children = (
				E8A413A21E01C7A000BE0DC0 /* MiraclePills.xcdatamodel */,
			);
			currentVersion = E8A413A21E01C7A000BE0DC0 /* MiraclePills.xcdatamodel */;
			path = MiraclePills.xcdatamodeld;
			sourceTree = "<group>";
			versionGroupType = wrapper.xcdatamodel;
		};
/* End XCVersionGroup section */
	};
	rootObject = E8A4138F1E01C7A000BE0DC0 /* Project object */;
}
