<?xml version="1.0" encoding="UTF-8"?>
<!DOCTYPE plist PUBLIC "-//Apple//DTD PLIST 1.0//EN" "http://www.apple.com/DTDs/PropertyList-1.0.dtd">
<plist version="1.0">
<dict>
	<key>archiveVersion</key>
	<string>1</string>
	<key>classes</key>
	<dict/>
	<key>objectVersion</key>
	<string>46</string>
	<key>objects</key>
	<dict>
		<key>118586CBE073F10D303F8B1A</key>
		<dict>
			<key>children</key>
			<array>
				<string>74610D7CFD52F53D4441F4BB</string>
				<string>D4BC0F1DCA4B12E6C97CFF70</string>
			</array>
			<key>isa</key>
			<string>PBXGroup</string>
			<key>name</key>
			<string>Pods</string>
			<key>sourceTree</key>
			<string>&lt;group&gt;</string>
		</dict>
		<key>13060AB16C99DC4A76ED1C3F</key>
		<dict>
			<key>buildActionMask</key>
			<string>2147483647</string>
			<key>files</key>
			<array/>
			<key>inputPaths</key>
			<array/>
			<key>isa</key>
			<string>PBXShellScriptBuildPhase</string>
			<key>name</key>
			<string>[CP] Copy Pods Resources</string>
			<key>outputPaths</key>
			<array/>
			<key>runOnlyForDeploymentPostprocessing</key>
			<string>0</string>
			<key>shellPath</key>
			<string>/bin/sh</string>
			<key>shellScript</key>
			<string>"${SRCROOT}/Pods/Target Support Files/Pods-ButtonAnimationApp/Pods-ButtonAnimationApp-resources.sh"
</string>
			<key>showEnvVarsInLog</key>
			<string>0</string>
		</dict>
		<key>19A02EE37974B12DD59C7658</key>
		<dict>
			<key>fileRef</key>
			<string>3FA4505CEF0226E4BA2369EF</string>
			<key>isa</key>
			<string>PBXBuildFile</string>
		</dict>
		<key>3FA4505CEF0226E4BA2369EF</key>
		<dict>
			<key>explicitFileType</key>
			<string>wrapper.framework</string>
			<key>includeInIndex</key>
			<string>0</string>
			<key>isa</key>
			<string>PBXFileReference</string>
			<key>path</key>
			<string>Pods_ButtonAnimationApp.framework</string>
			<key>sourceTree</key>
			<string>BUILT_PRODUCTS_DIR</string>
		</dict>
		<key>402DD01A61338F6F6C197BB0</key>
		<dict>
			<key>children</key>
			<array>
				<string>3FA4505CEF0226E4BA2369EF</string>
			</array>
			<key>isa</key>
			<string>PBXGroup</string>
			<key>name</key>
			<string>Frameworks</string>
			<key>sourceTree</key>
			<string>&lt;group&gt;</string>
		</dict>
		<key>74610D7CFD52F53D4441F4BB</key>
		<dict>
			<key>includeInIndex</key>
			<string>1</string>
			<key>isa</key>
			<string>PBXFileReference</string>
			<key>lastKnownFileType</key>
			<string>text.xcconfig</string>
			<key>name</key>
			<string>Pods-ButtonAnimationApp.debug.xcconfig</string>
			<key>path</key>
			<string>Pods/Target Support Files/Pods-ButtonAnimationApp/Pods-ButtonAnimationApp.debug.xcconfig</string>
			<key>sourceTree</key>
			<string>&lt;group&gt;</string>
		</dict>
		<key>8BA0AF3D099854EFE5257A95</key>
		<dict>
			<key>buildActionMask</key>
			<string>2147483647</string>
			<key>files</key>
			<array/>
			<key>inputPaths</key>
			<array/>
			<key>isa</key>
			<string>PBXShellScriptBuildPhase</string>
			<key>name</key>
			<string>[CP] Embed Pods Frameworks</string>
			<key>outputPaths</key>
			<array/>
			<key>runOnlyForDeploymentPostprocessing</key>
			<string>0</string>
			<key>shellPath</key>
			<string>/bin/sh</string>
			<key>shellScript</key>
			<string>"${SRCROOT}/Pods/Target Support Files/Pods-ButtonAnimationApp/Pods-ButtonAnimationApp-frameworks.sh"
</string>
			<key>showEnvVarsInLog</key>
			<string>0</string>
		</dict>
		<key>CF2FCA197BC26B13214EFB81</key>
		<dict>
			<key>buildActionMask</key>
			<string>2147483647</string>
			<key>files</key>
			<array/>
			<key>inputPaths</key>
			<array/>
			<key>isa</key>
			<string>PBXShellScriptBuildPhase</string>
			<key>name</key>
			<string>[CP] Check Pods Manifest.lock</string>
			<key>outputPaths</key>
			<array/>
			<key>runOnlyForDeploymentPostprocessing</key>
			<string>0</string>
			<key>shellPath</key>
			<string>/bin/sh</string>
			<key>shellScript</key>
			<string>diff "${PODS_ROOT}/../Podfile.lock" "${PODS_ROOT}/Manifest.lock" &gt; /dev/null
if [[ $? != 0 ]] ; then
    cat &lt;&lt; EOM
error: The sandbox is not in sync with the Podfile.lock. Run 'pod install' or update your CocoaPods installation.
EOM
    exit 1
fi
</string>
			<key>showEnvVarsInLog</key>
			<string>0</string>
		</dict>
		<key>D4BC0F1DCA4B12E6C97CFF70</key>
		<dict>
			<key>includeInIndex</key>
			<string>1</string>
			<key>isa</key>
			<string>PBXFileReference</string>
			<key>lastKnownFileType</key>
			<string>text.xcconfig</string>
			<key>name</key>
			<string>Pods-ButtonAnimationApp.release.xcconfig</string>
			<key>path</key>
			<string>Pods/Target Support Files/Pods-ButtonAnimationApp/Pods-ButtonAnimationApp.release.xcconfig</string>
			<key>sourceTree</key>
			<string>&lt;group&gt;</string>
		</dict>
		<key>E8CC0A921E35522D0045C226</key>
		<dict>
			<key>children</key>
			<array>
				<string>E8CC0A9D1E35522D0045C226</string>
				<string>E8CC0AB71E35522D0045C226</string>
				<string>E8CC0AC21E35522D0045C226</string>
				<string>E8CC0A9C1E35522D0045C226</string>
				<string>118586CBE073F10D303F8B1A</string>
				<string>402DD01A61338F6F6C197BB0</string>
			</array>
			<key>isa</key>
			<string>PBXGroup</string>
			<key>sourceTree</key>
			<string>&lt;group&gt;</string>
		</dict>
		<key>E8CC0A931E35522D0045C226</key>
		<dict>
			<key>attributes</key>
			<dict>
				<key>LastUpgradeCheck</key>
				<string>0820</string>
				<key>ORGANIZATIONNAME</key>
				<string>Teodora</string>
				<key>TargetAttributes</key>
				<dict>
					<key>E8CC0A9A1E35522D0045C226</key>
					<dict>
						<key>CreatedOnToolsVersion</key>
						<string>8.2</string>
						<key>DevelopmentTeam</key>
						<string>L6MS642N37</string>
						<key>ProvisioningStyle</key>
						<string>Automatic</string>
					</dict>
					<key>E8CC0AB31E35522D0045C226</key>
					<dict>
						<key>CreatedOnToolsVersion</key>
						<string>8.2</string>
						<key>DevelopmentTeam</key>
						<string>L6MS642N37</string>
						<key>ProvisioningStyle</key>
						<string>Automatic</string>
						<key>TestTargetID</key>
						<string>E8CC0A9A1E35522D0045C226</string>
					</dict>
					<key>E8CC0ABE1E35522D0045C226</key>
					<dict>
						<key>CreatedOnToolsVersion</key>
						<string>8.2</string>
						<key>DevelopmentTeam</key>
						<string>L6MS642N37</string>
						<key>ProvisioningStyle</key>
						<string>Automatic</string>
						<key>TestTargetID</key>
						<string>E8CC0A9A1E35522D0045C226</string>
					</dict>
				</dict>
			</dict>
			<key>buildConfigurationList</key>
			<string>E8CC0A961E35522D0045C226</string>
			<key>compatibilityVersion</key>
			<string>Xcode 3.2</string>
			<key>developmentRegion</key>
			<string>English</string>
			<key>hasScannedForEncodings</key>
			<string>0</string>
			<key>isa</key>
			<string>PBXProject</string>
			<key>knownRegions</key>
			<array>
				<string>en</string>
				<string>Base</string>
			</array>
			<key>mainGroup</key>
			<string>E8CC0A921E35522D0045C226</string>
			<key>productRefGroup</key>
			<string>E8CC0A9C1E35522D0045C226</string>
			<key>projectDirPath</key>
			<string></string>
			<key>projectReferences</key>
			<array/>
			<key>projectRoot</key>
			<string></string>
			<key>targets</key>
			<array>
				<string>E8CC0A9A1E35522D0045C226</string>
				<string>E8CC0AB31E35522D0045C226</string>
				<string>E8CC0ABE1E35522D0045C226</string>
			</array>
		</dict>
		<key>E8CC0A961E35522D0045C226</key>
		<dict>
			<key>buildConfigurations</key>
			<array>
				<string>E8CC0AC61E35522D0045C226</string>
				<string>E8CC0AC71E35522D0045C226</string>
			</array>
			<key>defaultConfigurationIsVisible</key>
			<string>0</string>
			<key>defaultConfigurationName</key>
			<string>Release</string>
			<key>isa</key>
			<string>XCConfigurationList</string>
		</dict>
		<key>E8CC0A971E35522D0045C226</key>
		<dict>
			<key>buildActionMask</key>
			<string>2147483647</string>
			<key>files</key>
			<array>
				<string>E8CC0AA61E35522D0045C226</string>
				<string>E8CC0AA31E35522D0045C226</string>
				<string>E8CC0AA01E35522D0045C226</string>
			</array>
			<key>isa</key>
			<string>PBXSourcesBuildPhase</string>
			<key>runOnlyForDeploymentPostprocessing</key>
			<string>0</string>
		</dict>
		<key>E8CC0A981E35522D0045C226</key>
		<dict>
			<key>buildActionMask</key>
			<string>2147483647</string>
			<key>files</key>
			<array>
				<string>19A02EE37974B12DD59C7658</string>
			</array>
			<key>isa</key>
			<string>PBXFrameworksBuildPhase</string>
			<key>runOnlyForDeploymentPostprocessing</key>
			<string>0</string>
		</dict>
		<key>E8CC0A991E35522D0045C226</key>
		<dict>
			<key>buildActionMask</key>
			<string>2147483647</string>
			<key>files</key>
			<array>
				<string>E8CC0AAE1E35522D0045C226</string>
				<string>E8CC0AAB1E35522D0045C226</string>
				<string>E8CC0AA91E35522D0045C226</string>
			</array>
			<key>isa</key>
			<string>PBXResourcesBuildPhase</string>
			<key>runOnlyForDeploymentPostprocessing</key>
			<string>0</string>
		</dict>
		<key>E8CC0A9A1E35522D0045C226</key>
		<dict>
			<key>buildConfigurationList</key>
			<string>E8CC0AC81E35522D0045C226</string>
			<key>buildPhases</key>
			<array>
				<string>CF2FCA197BC26B13214EFB81</string>
				<string>E8CC0A971E35522D0045C226</string>
				<string>E8CC0A981E35522D0045C226</string>
				<string>E8CC0A991E35522D0045C226</string>
				<string>8BA0AF3D099854EFE5257A95</string>
				<string>13060AB16C99DC4A76ED1C3F</string>
			</array>
			<key>buildRules</key>
			<array/>
			<key>dependencies</key>
			<array/>
			<key>isa</key>
			<string>PBXNativeTarget</string>
			<key>name</key>
			<string>ButtonAnimationApp</string>
			<key>productName</key>
			<string>ButtonAnimationApp</string>
			<key>productReference</key>
			<string>E8CC0A9B1E35522D0045C226</string>
			<key>productType</key>
			<string>com.apple.product-type.application</string>
		</dict>
		<key>E8CC0A9B1E35522D0045C226</key>
		<dict>
			<key>explicitFileType</key>
			<string>wrapper.application</string>
			<key>includeInIndex</key>
			<string>0</string>
			<key>isa</key>
			<string>PBXFileReference</string>
			<key>path</key>
			<string>ButtonAnimationApp.app</string>
			<key>sourceTree</key>
			<string>BUILT_PRODUCTS_DIR</string>
		</dict>
		<key>E8CC0A9C1E35522D0045C226</key>
		<dict>
			<key>children</key>
			<array>
				<string>E8CC0A9B1E35522D0045C226</string>
				<string>E8CC0AB41E35522D0045C226</string>
				<string>E8CC0ABF1E35522D0045C226</string>
			</array>
			<key>isa</key>
			<string>PBXGroup</string>
			<key>name</key>
			<string>Products</string>
			<key>sourceTree</key>
			<string>&lt;group&gt;</string>
		</dict>
		<key>E8CC0A9D1E35522D0045C226</key>
		<dict>
			<key>children</key>
			<array>
				<string>E8CC0AA11E35522D0045C226</string>
				<string>E8CC0AA21E35522D0045C226</string>
				<string>E8CC0AA41E35522D0045C226</string>
				<string>E8CC0AA51E35522D0045C226</string>
				<string>E8CC0AA71E35522D0045C226</string>
				<string>E8CC0AAA1E35522D0045C226</string>
				<string>E8CC0AAC1E35522D0045C226</string>
				<string>E8CC0AAF1E35522D0045C226</string>
				<string>E8CC0A9E1E35522D0045C226</string>
			</array>
			<key>isa</key>
			<string>PBXGroup</string>
			<key>path</key>
			<string>ButtonAnimationApp</string>
			<key>sourceTree</key>
			<string>&lt;group&gt;</string>
		</dict>
		<key>E8CC0A9E1E35522D0045C226</key>
		<dict>
			<key>children</key>
			<array>
				<string>E8CC0A9F1E35522D0045C226</string>
			</array>
			<key>isa</key>
			<string>PBXGroup</string>
			<key>name</key>
			<string>Supporting Files</string>
			<key>sourceTree</key>
			<string>&lt;group&gt;</string>
		</dict>
		<key>E8CC0A9F1E35522D0045C226</key>
		<dict>
			<key>isa</key>
			<string>PBXFileReference</string>
			<key>lastKnownFileType</key>
			<string>sourcecode.c.objc</string>
			<key>path</key>
			<string>main.m</string>
			<key>sourceTree</key>
			<string>&lt;group&gt;</string>
		</dict>
		<key>E8CC0AA01E35522D0045C226</key>
		<dict>
			<key>fileRef</key>
			<string>E8CC0A9F1E35522D0045C226</string>
			<key>isa</key>
			<string>PBXBuildFile</string>
		</dict>
		<key>E8CC0AA11E35522D0045C226</key>
		<dict>
			<key>isa</key>
			<string>PBXFileReference</string>
			<key>lastKnownFileType</key>
			<string>sourcecode.c.h</string>
			<key>path</key>
			<string>AppDelegate.h</string>
			<key>sourceTree</key>
			<string>&lt;group&gt;</string>
		</dict>
		<key>E8CC0AA21E35522D0045C226</key>
		<dict>
			<key>isa</key>
			<string>PBXFileReference</string>
			<key>lastKnownFileType</key>
			<string>sourcecode.c.objc</string>
			<key>path</key>
			<string>AppDelegate.m</string>
			<key>sourceTree</key>
			<string>&lt;group&gt;</string>
		</dict>
		<key>E8CC0AA31E35522D0045C226</key>
		<dict>
			<key>fileRef</key>
			<string>E8CC0AA21E35522D0045C226</string>
			<key>isa</key>
			<string>PBXBuildFile</string>
		</dict>
		<key>E8CC0AA41E35522D0045C226</key>
		<dict>
			<key>isa</key>
			<string>PBXFileReference</string>
			<key>lastKnownFileType</key>
			<string>sourcecode.c.h</string>
			<key>path</key>
			<string>ViewController.h</string>
			<key>sourceTree</key>
			<string>&lt;group&gt;</string>
		</dict>
		<key>E8CC0AA51E35522D0045C226</key>
		<dict>
			<key>isa</key>
			<string>PBXFileReference</string>
			<key>lastKnownFileType</key>
			<string>sourcecode.c.objc</string>
			<key>path</key>
			<string>ViewController.m</string>
			<key>sourceTree</key>
			<string>&lt;group&gt;</string>
		</dict>
		<key>E8CC0AA61E35522D0045C226</key>
		<dict>
			<key>fileRef</key>
			<string>E8CC0AA51E35522D0045C226</string>
			<key>isa</key>
			<string>PBXBuildFile</string>
		</dict>
		<key>E8CC0AA71E35522D0045C226</key>
		<dict>
			<key>children</key>
			<array>
				<string>E8CC0AA81E35522D0045C226</string>
			</array>
			<key>isa</key>
			<string>PBXVariantGroup</string>
			<key>name</key>
			<string>Main.storyboard</string>
			<key>sourceTree</key>
			<string>&lt;group&gt;</string>
		</dict>
		<key>E8CC0AA81E35522D0045C226</key>
		<dict>
			<key>isa</key>
			<string>PBXFileReference</string>
			<key>lastKnownFileType</key>
			<string>file.storyboard</string>
			<key>name</key>
			<string>Base</string>
			<key>path</key>
			<string>Base.lproj/Main.storyboard</string>
			<key>sourceTree</key>
			<string>&lt;group&gt;</string>
		</dict>
		<key>E8CC0AA91E35522D0045C226</key>
		<dict>
			<key>fileRef</key>
			<string>E8CC0AA71E35522D0045C226</string>
			<key>isa</key>
			<string>PBXBuildFile</string>
		</dict>
		<key>E8CC0AAA1E35522D0045C226</key>
		<dict>
			<key>isa</key>
			<string>PBXFileReference</string>
			<key>lastKnownFileType</key>
			<string>folder.assetcatalog</string>
			<key>path</key>
			<string>Assets.xcassets</string>
			<key>sourceTree</key>
			<string>&lt;group&gt;</string>
		</dict>
		<key>E8CC0AAB1E35522D0045C226</key>
		<dict>
			<key>fileRef</key>
			<string>E8CC0AAA1E35522D0045C226</string>
			<key>isa</key>
			<string>PBXBuildFile</string>
		</dict>
		<key>E8CC0AAC1E35522D0045C226</key>
		<dict>
			<key>children</key>
			<array>
				<string>E8CC0AAD1E35522D0045C226</string>
			</array>
			<key>isa</key>
			<string>PBXVariantGroup</string>
			<key>name</key>
			<string>LaunchScreen.storyboard</string>
			<key>sourceTree</key>
			<string>&lt;group&gt;</string>
		</dict>
		<key>E8CC0AAD1E35522D0045C226</key>
		<dict>
			<key>isa</key>
			<string>PBXFileReference</string>
			<key>lastKnownFileType</key>
			<string>file.storyboard</string>
			<key>name</key>
			<string>Base</string>
			<key>path</key>
			<string>Base.lproj/LaunchScreen.storyboard</string>
			<key>sourceTree</key>
			<string>&lt;group&gt;</string>
		</dict>
		<key>E8CC0AAE1E35522D0045C226</key>
		<dict>
			<key>fileRef</key>
			<string>E8CC0AAC1E35522D0045C226</string>
			<key>isa</key>
			<string>PBXBuildFile</string>
		</dict>
		<key>E8CC0AAF1E35522D0045C226</key>
		<dict>
			<key>isa</key>
			<string>PBXFileReference</string>
			<key>lastKnownFileType</key>
			<string>text.plist.xml</string>
			<key>path</key>
			<string>Info.plist</string>
			<key>sourceTree</key>
			<string>&lt;group&gt;</string>
		</dict>
		<key>E8CC0AB01E35522D0045C226</key>
		<dict>
			<key>buildActionMask</key>
			<string>2147483647</string>
			<key>files</key>
			<array>
				<string>E8CC0AB91E35522D0045C226</string>
			</array>
			<key>isa</key>
			<string>PBXSourcesBuildPhase</string>
			<key>runOnlyForDeploymentPostprocessing</key>
			<string>0</string>
		</dict>
		<key>E8CC0AB11E35522D0045C226</key>
		<dict>
			<key>buildActionMask</key>
			<string>2147483647</string>
			<key>files</key>
			<array/>
			<key>isa</key>
			<string>PBXFrameworksBuildPhase</string>
			<key>runOnlyForDeploymentPostprocessing</key>
			<string>0</string>
		</dict>
		<key>E8CC0AB21E35522D0045C226</key>
		<dict>
			<key>buildActionMask</key>
			<string>2147483647</string>
			<key>files</key>
			<array/>
			<key>isa</key>
			<string>PBXResourcesBuildPhase</string>
			<key>runOnlyForDeploymentPostprocessing</key>
			<string>0</string>
		</dict>
		<key>E8CC0AB31E35522D0045C226</key>
		<dict>
			<key>buildConfigurationList</key>
			<string>E8CC0ACB1E35522D0045C226</string>
			<key>buildPhases</key>
			<array>
				<string>E8CC0AB01E35522D0045C226</string>
				<string>E8CC0AB11E35522D0045C226</string>
				<string>E8CC0AB21E35522D0045C226</string>
			</array>
			<key>buildRules</key>
			<array/>
			<key>dependencies</key>
			<array>
				<string>E8CC0AB61E35522D0045C226</string>
			</array>
			<key>isa</key>
			<string>PBXNativeTarget</string>
			<key>name</key>
			<string>ButtonAnimationAppTests</string>
			<key>productName</key>
			<string>ButtonAnimationAppTests</string>
			<key>productReference</key>
			<string>E8CC0AB41E35522D0045C226</string>
			<key>productType</key>
			<string>com.apple.product-type.bundle.unit-test</string>
		</dict>
		<key>E8CC0AB41E35522D0045C226</key>
		<dict>
			<key>explicitFileType</key>
			<string>wrapper.cfbundle</string>
			<key>includeInIndex</key>
			<string>0</string>
			<key>isa</key>
			<string>PBXFileReference</string>
			<key>path</key>
			<string>ButtonAnimationAppTests.xctest</string>
			<key>sourceTree</key>
			<string>BUILT_PRODUCTS_DIR</string>
		</dict>
		<key>E8CC0AB51E35522D0045C226</key>
		<dict>
			<key>containerPortal</key>
			<string>E8CC0A931E35522D0045C226</string>
			<key>isa</key>
			<string>PBXContainerItemProxy</string>
			<key>proxyType</key>
			<string>1</string>
			<key>remoteGlobalIDString</key>
			<string>E8CC0A9A1E35522D0045C226</string>
			<key>remoteInfo</key>
			<string>ButtonAnimationApp</string>
		</dict>
		<key>E8CC0AB61E35522D0045C226</key>
		<dict>
			<key>isa</key>
			<string>PBXTargetDependency</string>
			<key>target</key>
			<string>E8CC0A9A1E35522D0045C226</string>
			<key>targetProxy</key>
			<string>E8CC0AB51E35522D0045C226</string>
		</dict>
		<key>E8CC0AB71E35522D0045C226</key>
		<dict>
			<key>children</key>
			<array>
				<string>E8CC0AB81E35522D0045C226</string>
				<string>E8CC0ABA1E35522D0045C226</string>
			</array>
			<key>isa</key>
			<string>PBXGroup</string>
			<key>path</key>
			<string>ButtonAnimationAppTests</string>
			<key>sourceTree</key>
			<string>&lt;group&gt;</string>
		</dict>
		<key>E8CC0AB81E35522D0045C226</key>
		<dict>
			<key>isa</key>
			<string>PBXFileReference</string>
			<key>lastKnownFileType</key>
			<string>sourcecode.c.objc</string>
			<key>path</key>
			<string>ButtonAnimationAppTests.m</string>
			<key>sourceTree</key>
			<string>&lt;group&gt;</string>
		</dict>
		<key>E8CC0AB91E35522D0045C226</key>
		<dict>
			<key>fileRef</key>
			<string>E8CC0AB81E35522D0045C226</string>
			<key>isa</key>
			<string>PBXBuildFile</string>
		</dict>
		<key>E8CC0ABA1E35522D0045C226</key>
		<dict>
			<key>isa</key>
			<string>PBXFileReference</string>
			<key>lastKnownFileType</key>
			<string>text.plist.xml</string>
			<key>path</key>
			<string>Info.plist</string>
			<key>sourceTree</key>
			<string>&lt;group&gt;</string>
		</dict>
		<key>E8CC0ABB1E35522D0045C226</key>
		<dict>
			<key>buildActionMask</key>
			<string>2147483647</string>
			<key>files</key>
			<array>
				<string>E8CC0AC41E35522D0045C226</string>
			</array>
			<key>isa</key>
			<string>PBXSourcesBuildPhase</string>
			<key>runOnlyForDeploymentPostprocessing</key>
			<string>0</string>
		</dict>
		<key>E8CC0ABC1E35522D0045C226</key>
		<dict>
			<key>buildActionMask</key>
			<string>2147483647</string>
			<key>files</key>
			<array/>
			<key>isa</key>
			<string>PBXFrameworksBuildPhase</string>
			<key>runOnlyForDeploymentPostprocessing</key>
			<string>0</string>
		</dict>
		<key>E8CC0ABD1E35522D0045C226</key>
		<dict>
			<key>buildActionMask</key>
			<string>2147483647</string>
			<key>files</key>
			<array/>
			<key>isa</key>
			<string>PBXResourcesBuildPhase</string>
			<key>runOnlyForDeploymentPostprocessing</key>
			<string>0</string>
		</dict>
		<key>E8CC0ABE1E35522D0045C226</key>
		<dict>
			<key>buildConfigurationList</key>
			<string>E8CC0ACE1E35522D0045C226</string>
			<key>buildPhases</key>
			<array>
				<string>E8CC0ABB1E35522D0045C226</string>
				<string>E8CC0ABC1E35522D0045C226</string>
				<string>E8CC0ABD1E35522D0045C226</string>
			</array>
			<key>buildRules</key>
			<array/>
			<key>dependencies</key>
			<array>
				<string>E8CC0AC11E35522D0045C226</string>
			</array>
			<key>isa</key>
			<string>PBXNativeTarget</string>
			<key>name</key>
			<string>ButtonAnimationAppUITests</string>
			<key>productName</key>
			<string>ButtonAnimationAppUITests</string>
			<key>productReference</key>
			<string>E8CC0ABF1E35522D0045C226</string>
			<key>productType</key>
			<string>com.apple.product-type.bundle.ui-testing</string>
		</dict>
		<key>E8CC0ABF1E35522D0045C226</key>
		<dict>
			<key>explicitFileType</key>
			<string>wrapper.cfbundle</string>
			<key>includeInIndex</key>
			<string>0</string>
			<key>isa</key>
			<string>PBXFileReference</string>
			<key>path</key>
			<string>ButtonAnimationAppUITests.xctest</string>
			<key>sourceTree</key>
			<string>BUILT_PRODUCTS_DIR</string>
		</dict>
		<key>E8CC0AC01E35522D0045C226</key>
		<dict>
			<key>containerPortal</key>
			<string>E8CC0A931E35522D0045C226</string>
			<key>isa</key>
			<string>PBXContainerItemProxy</string>
			<key>proxyType</key>
			<string>1</string>
			<key>remoteGlobalIDString</key>
			<string>E8CC0A9A1E35522D0045C226</string>
			<key>remoteInfo</key>
			<string>ButtonAnimationApp</string>
		</dict>
		<key>E8CC0AC11E35522D0045C226</key>
		<dict>
			<key>isa</key>
			<string>PBXTargetDependency</string>
			<key>target</key>
			<string>E8CC0A9A1E35522D0045C226</string>
			<key>targetProxy</key>
			<string>E8CC0AC01E35522D0045C226</string>
		</dict>
		<key>E8CC0AC21E35522D0045C226</key>
		<dict>
			<key>children</key>
			<array>
				<string>E8CC0AC31E35522D0045C226</string>
				<string>E8CC0AC51E35522D0045C226</string>
			</array>
			<key>isa</key>
			<string>PBXGroup</string>
			<key>path</key>
			<string>ButtonAnimationAppUITests</string>
			<key>sourceTree</key>
			<string>&lt;group&gt;</string>
		</dict>
		<key>E8CC0AC31E35522D0045C226</key>
		<dict>
			<key>isa</key>
			<string>PBXFileReference</string>
			<key>lastKnownFileType</key>
			<string>sourcecode.c.objc</string>
			<key>path</key>
			<string>ButtonAnimationAppUITests.m</string>
			<key>sourceTree</key>
			<string>&lt;group&gt;</string>
		</dict>
		<key>E8CC0AC41E35522D0045C226</key>
		<dict>
			<key>fileRef</key>
			<string>E8CC0AC31E35522D0045C226</string>
			<key>isa</key>
			<string>PBXBuildFile</string>
		</dict>
		<key>E8CC0AC51E35522D0045C226</key>
		<dict>
			<key>isa</key>
			<string>PBXFileReference</string>
			<key>lastKnownFileType</key>
			<string>text.plist.xml</string>
			<key>path</key>
			<string>Info.plist</string>
			<key>sourceTree</key>
			<string>&lt;group&gt;</string>
		</dict>
		<key>E8CC0AC61E35522D0045C226</key>
		<dict>
			<key>buildSettings</key>
			<dict>
				<key>ALWAYS_SEARCH_USER_PATHS</key>
				<string>NO</string>
				<key>CLANG_ANALYZER_NONNULL</key>
				<string>YES</string>
				<key>CLANG_CXX_LANGUAGE_STANDARD</key>
				<string>gnu++0x</string>
				<key>CLANG_CXX_LIBRARY</key>
				<string>libc++</string>
				<key>CLANG_ENABLE_MODULES</key>
				<string>YES</string>
				<key>CLANG_ENABLE_OBJC_ARC</key>
				<string>YES</string>
				<key>CLANG_WARN_BOOL_CONVERSION</key>
				<string>YES</string>
				<key>CLANG_WARN_CONSTANT_CONVERSION</key>
				<string>YES</string>
				<key>CLANG_WARN_DIRECT_OBJC_ISA_USAGE</key>
				<string>YES_ERROR</string>
				<key>CLANG_WARN_DOCUMENTATION_COMMENTS</key>
				<string>YES</string>
				<key>CLANG_WARN_EMPTY_BODY</key>
				<string>YES</string>
				<key>CLANG_WARN_ENUM_CONVERSION</key>
				<string>YES</string>
				<key>CLANG_WARN_INFINITE_RECURSION</key>
				<string>YES</string>
				<key>CLANG_WARN_INT_CONVERSION</key>
				<string>YES</string>
				<key>CLANG_WARN_OBJC_ROOT_CLASS</key>
				<string>YES_ERROR</string>
				<key>CLANG_WARN_SUSPICIOUS_MOVE</key>
				<string>YES</string>
				<key>CLANG_WARN_UNREACHABLE_CODE</key>
				<string>YES</string>
				<key>CLANG_WARN__DUPLICATE_METHOD_MATCH</key>
				<string>YES</string>
				<key>CODE_SIGN_IDENTITY[sdk=iphoneos*]</key>
				<string>iPhone Developer</string>
				<key>COPY_PHASE_STRIP</key>
				<string>NO</string>
				<key>DEBUG_INFORMATION_FORMAT</key>
				<string>dwarf</string>
				<key>ENABLE_STRICT_OBJC_MSGSEND</key>
				<string>YES</string>
				<key>ENABLE_TESTABILITY</key>
				<string>YES</string>
				<key>GCC_C_LANGUAGE_STANDARD</key>
				<string>gnu99</string>
				<key>GCC_DYNAMIC_NO_PIC</key>
				<string>NO</string>
				<key>GCC_NO_COMMON_BLOCKS</key>
				<string>YES</string>
				<key>GCC_OPTIMIZATION_LEVEL</key>
				<string>0</string>
				<key>GCC_PREPROCESSOR_DEFINITIONS</key>
				<array>
					<string>DEBUG=1</string>
					<string>$(inherited)</string>
				</array>
				<key>GCC_WARN_64_TO_32_BIT_CONVERSION</key>
				<string>YES</string>
				<key>GCC_WARN_ABOUT_RETURN_TYPE</key>
				<string>YES_ERROR</string>
				<key>GCC_WARN_UNDECLARED_SELECTOR</key>
				<string>YES</string>
				<key>GCC_WARN_UNINITIALIZED_AUTOS</key>
				<string>YES_AGGRESSIVE</string>
				<key>GCC_WARN_UNUSED_FUNCTION</key>
				<string>YES</string>
				<key>GCC_WARN_UNUSED_VARIABLE</key>
				<string>YES</string>
				<key>IPHONEOS_DEPLOYMENT_TARGET</key>
				<string>10.2</string>
				<key>MTL_ENABLE_DEBUG_INFO</key>
				<string>YES</string>
				<key>ONLY_ACTIVE_ARCH</key>
				<string>YES</string>
				<key>SDKROOT</key>
				<string>iphoneos</string>
				<key>TARGETED_DEVICE_FAMILY</key>
				<string>1,2</string>
			</dict>
			<key>isa</key>
			<string>XCBuildConfiguration</string>
			<key>name</key>
			<string>Debug</string>
		</dict>
		<key>E8CC0AC71E35522D0045C226</key>
		<dict>
			<key>buildSettings</key>
			<dict>
				<key>ALWAYS_SEARCH_USER_PATHS</key>
				<string>NO</string>
				<key>CLANG_ANALYZER_NONNULL</key>
				<string>YES</string>
				<key>CLANG_CXX_LANGUAGE_STANDARD</key>
				<string>gnu++0x</string>
				<key>CLANG_CXX_LIBRARY</key>
				<string>libc++</string>
				<key>CLANG_ENABLE_MODULES</key>
				<string>YES</string>
				<key>CLANG_ENABLE_OBJC_ARC</key>
				<string>YES</string>
				<key>CLANG_WARN_BOOL_CONVERSION</key>
				<string>YES</string>
				<key>CLANG_WARN_CONSTANT_CONVERSION</key>
				<string>YES</string>
				<key>CLANG_WARN_DIRECT_OBJC_ISA_USAGE</key>
				<string>YES_ERROR</string>
				<key>CLANG_WARN_DOCUMENTATION_COMMENTS</key>
				<string>YES</string>
				<key>CLANG_WARN_EMPTY_BODY</key>
				<string>YES</string>
				<key>CLANG_WARN_ENUM_CONVERSION</key>
				<string>YES</string>
				<key>CLANG_WARN_INFINITE_RECURSION</key>
				<string>YES</string>
				<key>CLANG_WARN_INT_CONVERSION</key>
				<string>YES</string>
				<key>CLANG_WARN_OBJC_ROOT_CLASS</key>
				<string>YES_ERROR</string>
				<key>CLANG_WARN_SUSPICIOUS_MOVE</key>
				<string>YES</string>
				<key>CLANG_WARN_UNREACHABLE_CODE</key>
				<string>YES</string>
				<key>CLANG_WARN__DUPLICATE_METHOD_MATCH</key>
				<string>YES</string>
				<key>CODE_SIGN_IDENTITY[sdk=iphoneos*]</key>
				<string>iPhone Developer</string>
				<key>COPY_PHASE_STRIP</key>
				<string>NO</string>
				<key>DEBUG_INFORMATION_FORMAT</key>
				<string>dwarf-with-dsym</string>
				<key>ENABLE_NS_ASSERTIONS</key>
				<string>NO</string>
				<key>ENABLE_STRICT_OBJC_MSGSEND</key>
				<string>YES</string>
				<key>GCC_C_LANGUAGE_STANDARD</key>
				<string>gnu99</string>
				<key>GCC_NO_COMMON_BLOCKS</key>
				<string>YES</string>
				<key>GCC_WARN_64_TO_32_BIT_CONVERSION</key>
				<string>YES</string>
				<key>GCC_WARN_ABOUT_RETURN_TYPE</key>
				<string>YES_ERROR</string>
				<key>GCC_WARN_UNDECLARED_SELECTOR</key>
				<string>YES</string>
				<key>GCC_WARN_UNINITIALIZED_AUTOS</key>
				<string>YES_AGGRESSIVE</string>
				<key>GCC_WARN_UNUSED_FUNCTION</key>
				<string>YES</string>
				<key>GCC_WARN_UNUSED_VARIABLE</key>
				<string>YES</string>
				<key>IPHONEOS_DEPLOYMENT_TARGET</key>
				<string>10.2</string>
				<key>MTL_ENABLE_DEBUG_INFO</key>
				<string>NO</string>
				<key>SDKROOT</key>
				<string>iphoneos</string>
				<key>TARGETED_DEVICE_FAMILY</key>
				<string>1,2</string>
				<key>VALIDATE_PRODUCT</key>
				<string>YES</string>
			</dict>
			<key>isa</key>
			<string>XCBuildConfiguration</string>
			<key>name</key>
			<string>Release</string>
		</dict>
		<key>E8CC0AC81E35522D0045C226</key>
		<dict>
			<key>buildConfigurations</key>
			<array>
				<string>E8CC0AC91E35522D0045C226</string>
				<string>E8CC0ACA1E35522D0045C226</string>
			</array>
			<key>defaultConfigurationIsVisible</key>
			<string>0</string>
			<key>isa</key>
			<string>XCConfigurationList</string>
		</dict>
		<key>E8CC0AC91E35522D0045C226</key>
		<dict>
			<key>baseConfigurationReference</key>
			<string>74610D7CFD52F53D4441F4BB</string>
			<key>buildSettings</key>
			<dict>
				<key>ASSETCATALOG_COMPILER_APPICON_NAME</key>
				<string>AppIcon</string>
				<key>DEVELOPMENT_TEAM</key>
				<string>L6MS642N37</string>
				<key>INFOPLIST_FILE</key>
				<string>ButtonAnimationApp/Info.plist</string>
				<key>LD_RUNPATH_SEARCH_PATHS</key>
				<string>$(inherited) @executable_path/Frameworks</string>
				<key>PRODUCT_BUNDLE_IDENTIFIER</key>
				<string>teodora.ButtonAnimationApp</string>
				<key>PRODUCT_NAME</key>
				<string>$(TARGET_NAME)</string>
			</dict>
			<key>isa</key>
			<string>XCBuildConfiguration</string>
			<key>name</key>
			<string>Debug</string>
		</dict>
		<key>E8CC0ACA1E35522D0045C226</key>
		<dict>
			<key>baseConfigurationReference</key>
			<string>D4BC0F1DCA4B12E6C97CFF70</string>
			<key>buildSettings</key>
			<dict>
				<key>ASSETCATALOG_COMPILER_APPICON_NAME</key>
				<string>AppIcon</string>
				<key>DEVELOPMENT_TEAM</key>
				<string>L6MS642N37</string>
				<key>INFOPLIST_FILE</key>
				<string>ButtonAnimationApp/Info.plist</string>
				<key>LD_RUNPATH_SEARCH_PATHS</key>
				<string>$(inherited) @executable_path/Frameworks</string>
				<key>PRODUCT_BUNDLE_IDENTIFIER</key>
				<string>teodora.ButtonAnimationApp</string>
				<key>PRODUCT_NAME</key>
				<string>$(TARGET_NAME)</string>
			</dict>
			<key>isa</key>
			<string>XCBuildConfiguration</string>
			<key>name</key>
			<string>Release</string>
		</dict>
		<key>E8CC0ACB1E35522D0045C226</key>
		<dict>
			<key>buildConfigurations</key>
			<array>
				<string>E8CC0ACC1E35522D0045C226</string>
				<string>E8CC0ACD1E35522D0045C226</string>
			</array>
			<key>defaultConfigurationIsVisible</key>
			<string>0</string>
			<key>isa</key>
			<string>XCConfigurationList</string>
		</dict>
		<key>E8CC0ACC1E35522D0045C226</key>
		<dict>
			<key>buildSettings</key>
			<dict>
				<key>BUNDLE_LOADER</key>
				<string>$(TEST_HOST)</string>
				<key>DEVELOPMENT_TEAM</key>
				<string>L6MS642N37</string>
				<key>INFOPLIST_FILE</key>
				<string>ButtonAnimationAppTests/Info.plist</string>
				<key>LD_RUNPATH_SEARCH_PATHS</key>
				<string>$(inherited) @executable_path/Frameworks @loader_path/Frameworks</string>
				<key>PRODUCT_BUNDLE_IDENTIFIER</key>
				<string>teodora.ButtonAnimationAppTests</string>
				<key>PRODUCT_NAME</key>
				<string>$(TARGET_NAME)</string>
				<key>TEST_HOST</key>
				<string>$(BUILT_PRODUCTS_DIR)/ButtonAnimationApp.app/ButtonAnimationApp</string>
			</dict>
			<key>isa</key>
			<string>XCBuildConfiguration</string>
			<key>name</key>
			<string>Debug</string>
		</dict>
		<key>E8CC0ACD1E35522D0045C226</key>
		<dict>
			<key>buildSettings</key>
			<dict>
				<key>BUNDLE_LOADER</key>
				<string>$(TEST_HOST)</string>
				<key>DEVELOPMENT_TEAM</key>
				<string>L6MS642N37</string>
				<key>INFOPLIST_FILE</key>
				<string>ButtonAnimationAppTests/Info.plist</string>
				<key>LD_RUNPATH_SEARCH_PATHS</key>
				<string>$(inherited) @executable_path/Frameworks @loader_path/Frameworks</string>
				<key>PRODUCT_BUNDLE_IDENTIFIER</key>
				<string>teodora.ButtonAnimationAppTests</string>
				<key>PRODUCT_NAME</key>
				<string>$(TARGET_NAME)</string>
				<key>TEST_HOST</key>
				<string>$(BUILT_PRODUCTS_DIR)/ButtonAnimationApp.app/ButtonAnimationApp</string>
			</dict>
			<key>isa</key>
			<string>XCBuildConfiguration</string>
			<key>name</key>
			<string>Release</string>
		</dict>
		<key>E8CC0ACE1E35522D0045C226</key>
		<dict>
			<key>buildConfigurations</key>
			<array>
				<string>E8CC0ACF1E35522D0045C226</string>
				<string>E8CC0AD01E35522D0045C226</string>
			</array>
			<key>defaultConfigurationIsVisible</key>
			<string>0</string>
			<key>isa</key>
			<string>XCConfigurationList</string>
		</dict>
		<key>E8CC0ACF1E35522D0045C226</key>
		<dict>
			<key>buildSettings</key>
			<dict>
				<key>DEVELOPMENT_TEAM</key>
				<string>L6MS642N37</string>
				<key>INFOPLIST_FILE</key>
				<string>ButtonAnimationAppUITests/Info.plist</string>
				<key>LD_RUNPATH_SEARCH_PATHS</key>
				<string>$(inherited) @executable_path/Frameworks @loader_path/Frameworks</string>
				<key>PRODUCT_BUNDLE_IDENTIFIER</key>
				<string>teodora.ButtonAnimationAppUITests</string>
				<key>PRODUCT_NAME</key>
				<string>$(TARGET_NAME)</string>
				<key>TEST_TARGET_NAME</key>
				<string>ButtonAnimationApp</string>
			</dict>
			<key>isa</key>
			<string>XCBuildConfiguration</string>
			<key>name</key>
			<string>Debug</string>
		</dict>
		<key>E8CC0AD01E35522D0045C226</key>
		<dict>
			<key>buildSettings</key>
			<dict>
				<key>DEVELOPMENT_TEAM</key>
				<string>L6MS642N37</string>
				<key>INFOPLIST_FILE</key>
				<string>ButtonAnimationAppUITests/Info.plist</string>
				<key>LD_RUNPATH_SEARCH_PATHS</key>
				<string>$(inherited) @executable_path/Frameworks @loader_path/Frameworks</string>
				<key>PRODUCT_BUNDLE_IDENTIFIER</key>
				<string>teodora.ButtonAnimationAppUITests</string>
				<key>PRODUCT_NAME</key>
				<string>$(TARGET_NAME)</string>
				<key>TEST_TARGET_NAME</key>
				<string>ButtonAnimationApp</string>
			</dict>
			<key>isa</key>
			<string>XCBuildConfiguration</string>
			<key>name</key>
			<string>Release</string>
		</dict>
	</dict>
	<key>rootObject</key>
	<string>E8CC0A931E35522D0045C226</string>
</dict>
</plist>
