// !$*UTF8*$!
{
	archiveVersion = 1;
	classes = {
	};
	objectVersion = 46;
	objects = {

/* Begin PBXBuildFile section */
		E8FD2A6B1E169208001D5E8A /* AppDelegate.swift in Sources */ = {isa = PBXBuildFile; fileRef = E8FD2A6A1E169208001D5E8A /* AppDelegate.swift */; };
		E8FD2A6D1E169208001D5E8A /* ViewController.swift in Sources */ = {isa = PBXBuildFile; fileRef = E8FD2A6C1E169208001D5E8A /* ViewController.swift */; };
		E8FD2A701E169208001D5E8A /* Main.storyboard in Resources */ = {isa = PBXBuildFile; fileRef = E8FD2A6E1E169208001D5E8A /* Main.storyboard */; };
		E8FD2A731E169208001D5E8A /* RetroCalculator.xcdatamodeld in Sources */ = {isa = PBXBuildFile; fileRef = E8FD2A711E169208001D5E8A /* RetroCalculator.xcdatamodeld */; };
		E8FD2A751E169208001D5E8A /* Assets.xcassets in Resources */ = {isa = PBXBuildFile; fileRef = E8FD2A741E169208001D5E8A /* Assets.xcassets */; };
		E8FD2A781E169208001D5E8A /* LaunchScreen.storyboard in Resources */ = {isa = PBXBuildFile; fileRef = E8FD2A761E169208001D5E8A /* LaunchScreen.storyboard */; };
		E8FD2A831E169208001D5E8A /* RetroCalculatorTests.swift in Sources */ = {isa = PBXBuildFile; fileRef = E8FD2A821E169208001D5E8A /* RetroCalculatorTests.swift */; };
		E8FD2A8E1E169208001D5E8A /* RetroCalculatorUITests.swift in Sources */ = {isa = PBXBuildFile; fileRef = E8FD2A8D1E169208001D5E8A /* RetroCalculatorUITests.swift */; };
/* End PBXBuildFile section */

/* Begin PBXContainerItemProxy section */
		E8FD2A7F1E169208001D5E8A /* PBXContainerItemProxy */ = {
			isa = PBXContainerItemProxy;
			containerPortal = E8FD2A5F1E169208001D5E8A /* Project object */;
			proxyType = 1;
			remoteGlobalIDString = E8FD2A661E169208001D5E8A;
			remoteInfo = RetroCalculator;
		};
		E8FD2A8A1E169208001D5E8A /* PBXContainerItemProxy */ = {
			isa = PBXContainerItemProxy;
			containerPortal = E8FD2A5F1E169208001D5E8A /* Project object */;
			proxyType = 1;
			remoteGlobalIDString = E8FD2A661E169208001D5E8A;
			remoteInfo = RetroCalculator;
		};
/* End PBXContainerItemProxy section */

/* Begin PBXFileReference section */
		E8FD2A671E169208001D5E8A /* RetroCalculator.app */ = {isa = PBXFileReference; explicitFileType = wrapper.application; includeInIndex = 0; path = RetroCalculator.app; sourceTree = BUILT_PRODUCTS_DIR; };
		E8FD2A6A1E169208001D5E8A /* AppDelegate.swift */ = {isa = PBXFileReference; lastKnownFileType = sourcecode.swift; path = AppDelegate.swift; sourceTree = "<group>"; };
		E8FD2A6C1E169208001D5E8A /* ViewController.swift */ = {isa = PBXFileReference; lastKnownFileType = sourcecode.swift; path = ViewController.swift; sourceTree = "<group>"; };
		E8FD2A6F1E169208001D5E8A /* Base */ = {isa = PBXFileReference; lastKnownFileType = file.storyboard; name = Base; path = Base.lproj/Main.storyboard; sourceTree = "<group>"; };
		E8FD2A721E169208001D5E8A /* RetroCalculator.xcdatamodel */ = {isa = PBXFileReference; lastKnownFileType = wrapper.xcdatamodel; path = RetroCalculator.xcdatamodel; sourceTree = "<group>"; };
		E8FD2A741E169208001D5E8A /* Assets.xcassets */ = {isa = PBXFileReference; lastKnownFileType = folder.assetcatalog; path = Assets.xcassets; sourceTree = "<group>"; };
		E8FD2A771E169208001D5E8A /* Base */ = {isa = PBXFileReference; lastKnownFileType = file.storyboard; name = Base; path = Base.lproj/LaunchScreen.storyboard; sourceTree = "<group>"; };
		E8FD2A791E169208001D5E8A /* Info.plist */ = {isa = PBXFileReference; lastKnownFileType = text.plist.xml; path = Info.plist; sourceTree = "<group>"; };
		E8FD2A7E1E169208001D5E8A /* RetroCalculatorTests.xctest */ = {isa = PBXFileReference; explicitFileType = wrapper.cfbundle; includeInIndex = 0; path = RetroCalculatorTests.xctest; sourceTree = BUILT_PRODUCTS_DIR; };
		E8FD2A821E169208001D5E8A /* RetroCalculatorTests.swift */ = {isa = PBXFileReference; lastKnownFileType = sourcecode.swift; path = RetroCalculatorTests.swift; sourceTree = "<group>"; };
		E8FD2A841E169208001D5E8A /* Info.plist */ = {isa = PBXFileReference; lastKnownFileType = text.plist.xml; path = Info.plist; sourceTree = "<group>"; };
		E8FD2A891E169208001D5E8A /* RetroCalculatorUITests.xctest */ = {isa = PBXFileReference; explicitFileType = wrapper.cfbundle; includeInIndex = 0; path = RetroCalculatorUITests.xctest; sourceTree = BUILT_PRODUCTS_DIR; };
		E8FD2A8D1E169208001D5E8A /* RetroCalculatorUITests.swift */ = {isa = PBXFileReference; lastKnownFileType = sourcecode.swift; path = RetroCalculatorUITests.swift; sourceTree = "<group>"; };
		E8FD2A8F1E169209001D5E8A /* Info.plist */ = {isa = PBXFileReference; lastKnownFileType = text.plist.xml; path = Info.plist; sourceTree = "<group>"; };
/* End PBXFileReference section */

/* Begin PBXFrameworksBuildPhase section */
		E8FD2A641E169208001D5E8A /* Frameworks */ = {
			isa = PBXFrameworksBuildPhase;
			buildActionMask = 2147483647;
			files = (
			);
			runOnlyForDeploymentPostprocessing = 0;
		};
		E8FD2A7B1E169208001D5E8A /* Frameworks */ = {
			isa = PBXFrameworksBuildPhase;
			buildActionMask = 2147483647;
			files = (
			);
			runOnlyForDeploymentPostprocessing = 0;
		};
		E8FD2A861E169208001D5E8A /* Frameworks */ = {
			isa = PBXFrameworksBuildPhase;
			buildActionMask = 2147483647;
			files = (
			);
			runOnlyForDeploymentPostprocessing = 0;
		};
/* End PBXFrameworksBuildPhase section */

/* Begin PBXGroup section */
		E8FD2A5E1E169208001D5E8A = {
			isa = PBXGroup;
			children = (
				E8FD2A691E169208001D5E8A /* RetroCalculator */,
				E8FD2A811E169208001D5E8A /* RetroCalculatorTests */,
				E8FD2A8C1E169208001D5E8A /* RetroCalculatorUITests */,
				E8FD2A681E169208001D5E8A /* Products */,
			);
			sourceTree = "<group>";
		};
		E8FD2A681E169208001D5E8A /* Products */ = {
			isa = PBXGroup;
			children = (
				E8FD2A671E169208001D5E8A /* RetroCalculator.app */,
				E8FD2A7E1E169208001D5E8A /* RetroCalculatorTests.xctest */,
				E8FD2A891E169208001D5E8A /* RetroCalculatorUITests.xctest */,
			);
			name = Products;
			sourceTree = "<group>";
		};
		E8FD2A691E169208001D5E8A /* RetroCalculator */ = {
			isa = PBXGroup;
			children = (
				E8FD2A6A1E169208001D5E8A /* AppDelegate.swift */,
				E8FD2A6C1E169208001D5E8A /* ViewController.swift */,
				E8FD2A6E1E169208001D5E8A /* Main.storyboard */,
				E8FD2A741E169208001D5E8A /* Assets.xcassets */,
				E8FD2A761E169208001D5E8A /* LaunchScreen.storyboard */,
				E8FD2A791E169208001D5E8A /* Info.plist */,
				E8FD2A711E169208001D5E8A /* RetroCalculator.xcdatamodeld */,
			);
			path = RetroCalculator;
			sourceTree = "<group>";
		};
		E8FD2A811E169208001D5E8A /* RetroCalculatorTests */ = {
			isa = PBXGroup;
			children = (
				E8FD2A821E169208001D5E8A /* RetroCalculatorTests.swift */,
				E8FD2A841E169208001D5E8A /* Info.plist */,
			);
			path = RetroCalculatorTests;
			sourceTree = "<group>";
		};
		E8FD2A8C1E169208001D5E8A /* RetroCalculatorUITests */ = {
			isa = PBXGroup;
			children = (
				E8FD2A8D1E169208001D5E8A /* RetroCalculatorUITests.swift */,
				E8FD2A8F1E169209001D5E8A /* Info.plist */,
			);
			path = RetroCalculatorUITests;
			sourceTree = "<group>";
		};
/* End PBXGroup section */

/* Begin PBXNativeTarget section */
		E8FD2A661E169208001D5E8A /* RetroCalculator */ = {
			isa = PBXNativeTarget;
			buildConfigurationList = E8FD2A921E169209001D5E8A /* Build configuration list for PBXNativeTarget "RetroCalculator" */;
			buildPhases = (
				E8FD2A631E169208001D5E8A /* Sources */,
				E8FD2A641E169208001D5E8A /* Frameworks */,
				E8FD2A651E169208001D5E8A /* Resources */,
			);
			buildRules = (
			);
			dependencies = (
			);
			name = RetroCalculator;
			productName = RetroCalculator;
			productReference = E8FD2A671E169208001D5E8A /* RetroCalculator.app */;
			productType = "com.apple.product-type.application";
		};
		E8FD2A7D1E169208001D5E8A /* RetroCalculatorTests */ = {
			isa = PBXNativeTarget;
			buildConfigurationList = E8FD2A951E169209001D5E8A /* Build configuration list for PBXNativeTarget "RetroCalculatorTests" */;
			buildPhases = (
				E8FD2A7A1E169208001D5E8A /* Sources */,
				E8FD2A7B1E169208001D5E8A /* Frameworks */,
				E8FD2A7C1E169208001D5E8A /* Resources */,
			);
			buildRules = (
			);
			dependencies = (
				E8FD2A801E169208001D5E8A /* PBXTargetDependency */,
			);
			name = RetroCalculatorTests;
			productName = RetroCalculatorTests;
			productReference = E8FD2A7E1E169208001D5E8A /* RetroCalculatorTests.xctest */;
			productType = "com.apple.product-type.bundle.unit-test";
		};
		E8FD2A881E169208001D5E8A /* RetroCalculatorUITests */ = {
			isa = PBXNativeTarget;
			buildConfigurationList = E8FD2A981E169209001D5E8A /* Build configuration list for PBXNativeTarget "RetroCalculatorUITests" */;
			buildPhases = (
				E8FD2A851E169208001D5E8A /* Sources */,
				E8FD2A861E169208001D5E8A /* Frameworks */,
				E8FD2A871E169208001D5E8A /* Resources */,
			);
			buildRules = (
			);
			dependencies = (
				E8FD2A8B1E169208001D5E8A /* PBXTargetDependency */,
			);
			name = RetroCalculatorUITests;
			productName = RetroCalculatorUITests;
			productReference = E8FD2A891E169208001D5E8A /* RetroCalculatorUITests.xctest */;
			productType = "com.apple.product-type.bundle.ui-testing";
		};
/* End PBXNativeTarget section */

/* Begin PBXProject section */
		E8FD2A5F1E169208001D5E8A /* Project object */ = {
			isa = PBXProject;
			attributes = {
				LastSwiftUpdateCheck = 0820;
				LastUpgradeCheck = 0820;
				ORGANIZATIONNAME = Teodora;
				TargetAttributes = {
					E8FD2A661E169208001D5E8A = {
						CreatedOnToolsVersion = 8.2;
						DevelopmentTeam = L6MS642N37;
						ProvisioningStyle = Automatic;
					};
					E8FD2A7D1E169208001D5E8A = {
						CreatedOnToolsVersion = 8.2;
						DevelopmentTeam = L6MS642N37;
						ProvisioningStyle = Automatic;
						TestTargetID = E8FD2A661E169208001D5E8A;
					};
					E8FD2A881E169208001D5E8A = {
						CreatedOnToolsVersion = 8.2;
						DevelopmentTeam = L6MS642N37;
						ProvisioningStyle = Automatic;
						TestTargetID = E8FD2A661E169208001D5E8A;
					};
				};
			};
			buildConfigurationList = E8FD2A621E169208001D5E8A /* Build configuration list for PBXProject "RetroCalculator" */;
			compatibilityVersion = "Xcode 3.2";
			developmentRegion = English;
			hasScannedForEncodings = 0;
			knownRegions = (
				en,
				Base,
			);
			mainGroup = E8FD2A5E1E169208001D5E8A;
			productRefGroup = E8FD2A681E169208001D5E8A /* Products */;
			projectDirPath = "";
			projectRoot = "";
			targets = (
				E8FD2A661E169208001D5E8A /* RetroCalculator */,
				E8FD2A7D1E169208001D5E8A /* RetroCalculatorTests */,
				E8FD2A881E169208001D5E8A /* RetroCalculatorUITests */,
			);
		};
/* End PBXProject section */

/* Begin PBXResourcesBuildPhase section */
		E8FD2A651E169208001D5E8A /* Resources */ = {
			isa = PBXResourcesBuildPhase;
			buildActionMask = 2147483647;
			files = (
				E8FD2A781E169208001D5E8A /* LaunchScreen.storyboard in Resources */,
				E8FD2A751E169208001D5E8A /* Assets.xcassets in Resources */,
				E8FD2A701E169208001D5E8A /* Main.storyboard in Resources */,
			);
			runOnlyForDeploymentPostprocessing = 0;
		};
		E8FD2A7C1E169208001D5E8A /* Resources */ = {
			isa = PBXResourcesBuildPhase;
			buildActionMask = 2147483647;
			files = (
			);
			runOnlyForDeploymentPostprocessing = 0;
		};
		E8FD2A871E169208001D5E8A /* Resources */ = {
			isa = PBXResourcesBuildPhase;
			buildActionMask = 2147483647;
			files = (
			);
			runOnlyForDeploymentPostprocessing = 0;
		};
/* End PBXResourcesBuildPhase section */

/* Begin PBXSourcesBuildPhase section */
		E8FD2A631E169208001D5E8A /* Sources */ = {
			isa = PBXSourcesBuildPhase;
			buildActionMask = 2147483647;
			files = (
				E8FD2A6D1E169208001D5E8A /* ViewController.swift in Sources */,
				E8FD2A731E169208001D5E8A /* RetroCalculator.xcdatamodeld in Sources */,
				E8FD2A6B1E169208001D5E8A /* AppDelegate.swift in Sources */,
			);
			runOnlyForDeploymentPostprocessing = 0;
		};
		E8FD2A7A1E169208001D5E8A /* Sources */ = {
			isa = PBXSourcesBuildPhase;
			buildActionMask = 2147483647;
			files = (
				E8FD2A831E169208001D5E8A /* RetroCalculatorTests.swift in Sources */,
			);
			runOnlyForDeploymentPostprocessing = 0;
		};
		E8FD2A851E169208001D5E8A /* Sources */ = {
			isa = PBXSourcesBuildPhase;
			buildActionMask = 2147483647;
			files = (
				E8FD2A8E1E169208001D5E8A /* RetroCalculatorUITests.swift in Sources */,
			);
			runOnlyForDeploymentPostprocessing = 0;
		};
/* End PBXSourcesBuildPhase section */

/* Begin PBXTargetDependency section */
		E8FD2A801E169208001D5E8A /* PBXTargetDependency */ = {
			isa = PBXTargetDependency;
			target = E8FD2A661E169208001D5E8A /* RetroCalculator */;
			targetProxy = E8FD2A7F1E169208001D5E8A /* PBXContainerItemProxy */;
		};
		E8FD2A8B1E169208001D5E8A /* PBXTargetDependency */ = {
			isa = PBXTargetDependency;
			target = E8FD2A661E169208001D5E8A /* RetroCalculator */;
			targetProxy = E8FD2A8A1E169208001D5E8A /* PBXContainerItemProxy */;
		};
/* End PBXTargetDependency section */

/* Begin PBXVariantGroup section */
		E8FD2A6E1E169208001D5E8A /* Main.storyboard */ = {
			isa = PBXVariantGroup;
			children = (
				E8FD2A6F1E169208001D5E8A /* Base */,
			);
			name = Main.storyboard;
			sourceTree = "<group>";
		};
		E8FD2A761E169208001D5E8A /* LaunchScreen.storyboard */ = {
			isa = PBXVariantGroup;
			children = (
				E8FD2A771E169208001D5E8A /* Base */,
			);
			name = LaunchScreen.storyboard;
			sourceTree = "<group>";
		};
/* End PBXVariantGroup section */

/* Begin XCBuildConfiguration section */
		E8FD2A901E169209001D5E8A /* Debug */ = {
			isa = XCBuildConfiguration;
			buildSettings = {
				ALWAYS_SEARCH_USER_PATHS = NO;
				CLANG_ANALYZER_NONNULL = YES;
				CLANG_CXX_LANGUAGE_STANDARD = "gnu++0x";
				CLANG_CXX_LIBRARY = "libc++";
				CLANG_ENABLE_MODULES = YES;
				CLANG_ENABLE_OBJC_ARC = YES;
				CLANG_WARN_BOOL_CONVERSION = YES;
				CLANG_WARN_CONSTANT_CONVERSION = YES;
				CLANG_WARN_DIRECT_OBJC_ISA_USAGE = YES_ERROR;
				CLANG_WARN_DOCUMENTATION_COMMENTS = YES;
				CLANG_WARN_EMPTY_BODY = YES;
				CLANG_WARN_ENUM_CONVERSION = YES;
				CLANG_WARN_INFINITE_RECURSION = YES;
				CLANG_WARN_INT_CONVERSION = YES;
				CLANG_WARN_OBJC_ROOT_CLASS = YES_ERROR;
				CLANG_WARN_SUSPICIOUS_MOVE = YES;
				CLANG_WARN_UNREACHABLE_CODE = YES;
				CLANG_WARN__DUPLICATE_METHOD_MATCH = YES;
				"CODE_SIGN_IDENTITY[sdk=iphoneos*]" = "iPhone Developer";
				COPY_PHASE_STRIP = NO;
				DEBUG_INFORMATION_FORMAT = dwarf;
				ENABLE_STRICT_OBJC_MSGSEND = YES;
				ENABLE_TESTABILITY = YES;
				GCC_C_LANGUAGE_STANDARD = gnu99;
				GCC_DYNAMIC_NO_PIC = NO;
				GCC_NO_COMMON_BLOCKS = YES;
				GCC_OPTIMIZATION_LEVEL = 0;
				GCC_PREPROCESSOR_DEFINITIONS = (
					"DEBUG=1",
					"$(inherited)",
				);
				GCC_WARN_64_TO_32_BIT_CONVERSION = YES;
				GCC_WARN_ABOUT_RETURN_TYPE = YES_ERROR;
				GCC_WARN_UNDECLARED_SELECTOR = YES;
				GCC_WARN_UNINITIALIZED_AUTOS = YES_AGGRESSIVE;
				GCC_WARN_UNUSED_FUNCTION = YES;
				GCC_WARN_UNUSED_VARIABLE = YES;
				IPHONEOS_DEPLOYMENT_TARGET = 10.2;
				MTL_ENABLE_DEBUG_INFO = YES;
				ONLY_ACTIVE_ARCH = YES;
				SDKROOT = iphoneos;
				SWIFT_ACTIVE_COMPILATION_CONDITIONS = DEBUG;
				SWIFT_OPTIMIZATION_LEVEL = "-Onone";
				TARGETED_DEVICE_FAMILY = "1,2";
			};
			name = Debug;
		};
		E8FD2A911E169209001D5E8A /* Release */ = {
			isa = XCBuildConfiguration;
			buildSettings = {
				ALWAYS_SEARCH_USER_PATHS = NO;
				CLANG_ANALYZER_NONNULL = YES;
				CLANG_CXX_LANGUAGE_STANDARD = "gnu++0x";
				CLANG_CXX_LIBRARY = "libc++";
				CLANG_ENABLE_MODULES = YES;
				CLANG_ENABLE_OBJC_ARC = YES;
				CLANG_WARN_BOOL_CONVERSION = YES;
				CLANG_WARN_CONSTANT_CONVERSION = YES;
				CLANG_WARN_DIRECT_OBJC_ISA_USAGE = YES_ERROR;
				CLANG_WARN_DOCUMENTATION_COMMENTS = YES;
				CLANG_WARN_EMPTY_BODY = YES;
				CLANG_WARN_ENUM_CONVERSION = YES;
				CLANG_WARN_INFINITE_RECURSION = YES;
				CLANG_WARN_INT_CONVERSION = YES;
				CLANG_WARN_OBJC_ROOT_CLASS = YES_ERROR;
				CLANG_WARN_SUSPICIOUS_MOVE = YES;
				CLANG_WARN_UNREACHABLE_CODE = YES;
				CLANG_WARN__DUPLICATE_METHOD_MATCH = YES;
				"CODE_SIGN_IDENTITY[sdk=iphoneos*]" = "iPhone Developer";
				COPY_PHASE_STRIP = NO;
				DEBUG_INFORMATION_FORMAT = "dwarf-with-dsym";
				ENABLE_NS_ASSERTIONS = NO;
				ENABLE_STRICT_OBJC_MSGSEND = YES;
				GCC_C_LANGUAGE_STANDARD = gnu99;
				GCC_NO_COMMON_BLOCKS = YES;
				GCC_WARN_64_TO_32_BIT_CONVERSION = YES;
				GCC_WARN_ABOUT_RETURN_TYPE = YES_ERROR;
				GCC_WARN_UNDECLARED_SELECTOR = YES;
				GCC_WARN_UNINITIALIZED_AUTOS = YES_AGGRESSIVE;
				GCC_WARN_UNUSED_FUNCTION = YES;
				GCC_WARN_UNUSED_VARIABLE = YES;
				IPHONEOS_DEPLOYMENT_TARGET = 10.2;
				MTL_ENABLE_DEBUG_INFO = NO;
				SDKROOT = iphoneos;
				SWIFT_OPTIMIZATION_LEVEL = "-Owholemodule";
				TARGETED_DEVICE_FAMILY = "1,2";
				VALIDATE_PRODUCT = YES;
			};
			name = Release;
		};
		E8FD2A931E169209001D5E8A /* Debug */ = {
			isa = XCBuildConfiguration;
			buildSettings = {
				ASSETCATALOG_COMPILER_APPICON_NAME = AppIcon;
				DEVELOPMENT_TEAM = L6MS642N37;
				INFOPLIST_FILE = RetroCalculator/Info.plist;
				LD_RUNPATH_SEARCH_PATHS = "$(inherited) @executable_path/Frameworks";
				PRODUCT_BUNDLE_IDENTIFIER = teodora.RetroCalculator;
				PRODUCT_NAME = "$(TARGET_NAME)";
				SWIFT_VERSION = 3.0;
			};
			name = Debug;
		};
		E8FD2A941E169209001D5E8A /* Release */ = {
			isa = XCBuildConfiguration;
			buildSettings = {
				ASSETCATALOG_COMPILER_APPICON_NAME = AppIcon;
				DEVELOPMENT_TEAM = L6MS642N37;
				INFOPLIST_FILE = RetroCalculator/Info.plist;
				LD_RUNPATH_SEARCH_PATHS = "$(inherited) @executable_path/Frameworks";
				PRODUCT_BUNDLE_IDENTIFIER = teodora.RetroCalculator;
				PRODUCT_NAME = "$(TARGET_NAME)";
				SWIFT_VERSION = 3.0;
			};
			name = Release;
		};
		E8FD2A961E169209001D5E8A /* Debug */ = {
			isa = XCBuildConfiguration;
			buildSettings = {
				ALWAYS_EMBED_SWIFT_STANDARD_LIBRARIES = YES;
				BUNDLE_LOADER = "$(TEST_HOST)";
				DEVELOPMENT_TEAM = L6MS642N37;
				INFOPLIST_FILE = RetroCalculatorTests/Info.plist;
				LD_RUNPATH_SEARCH_PATHS = "$(inherited) @executable_path/Frameworks @loader_path/Frameworks";
				PRODUCT_BUNDLE_IDENTIFIER = teodora.RetroCalculatorTests;
				PRODUCT_NAME = "$(TARGET_NAME)";
				SWIFT_VERSION = 3.0;
				TEST_HOST = "$(BUILT_PRODUCTS_DIR)/RetroCalculator.app/RetroCalculator";
			};
			name = Debug;
		};
		E8FD2A971E169209001D5E8A /* Release */ = {
			isa = XCBuildConfiguration;
			buildSettings = {
				ALWAYS_EMBED_SWIFT_STANDARD_LIBRARIES = YES;
				BUNDLE_LOADER = "$(TEST_HOST)";
				DEVELOPMENT_TEAM = L6MS642N37;
				INFOPLIST_FILE = RetroCalculatorTests/Info.plist;
				LD_RUNPATH_SEARCH_PATHS = "$(inherited) @executable_path/Frameworks @loader_path/Frameworks";
				PRODUCT_BUNDLE_IDENTIFIER = teodora.RetroCalculatorTests;
				PRODUCT_NAME = "$(TARGET_NAME)";
				SWIFT_VERSION = 3.0;
				TEST_HOST = "$(BUILT_PRODUCTS_DIR)/RetroCalculator.app/RetroCalculator";
			};
			name = Release;
		};
		E8FD2A991E169209001D5E8A /* Debug */ = {
			isa = XCBuildConfiguration;
			buildSettings = {
				ALWAYS_EMBED_SWIFT_STANDARD_LIBRARIES = YES;
				DEVELOPMENT_TEAM = L6MS642N37;
				INFOPLIST_FILE = RetroCalculatorUITests/Info.plist;
				LD_RUNPATH_SEARCH_PATHS = "$(inherited) @executable_path/Frameworks @loader_path/Frameworks";
				PRODUCT_BUNDLE_IDENTIFIER = teodora.RetroCalculatorUITests;
				PRODUCT_NAME = "$(TARGET_NAME)";
				SWIFT_VERSION = 3.0;
				TEST_TARGET_NAME = RetroCalculator;
			};
			name = Debug;
		};
		E8FD2A9A1E169209001D5E8A /* Release */ = {
			isa = XCBuildConfiguration;
			buildSettings = {
				ALWAYS_EMBED_SWIFT_STANDARD_LIBRARIES = YES;
				DEVELOPMENT_TEAM = L6MS642N37;
				INFOPLIST_FILE = RetroCalculatorUITests/Info.plist;
				LD_RUNPATH_SEARCH_PATHS = "$(inherited) @executable_path/Frameworks @loader_path/Frameworks";
				PRODUCT_BUNDLE_IDENTIFIER = teodora.RetroCalculatorUITests;
				PRODUCT_NAME = "$(TARGET_NAME)";
				SWIFT_VERSION = 3.0;
				TEST_TARGET_NAME = RetroCalculator;
			};
			name = Release;
		};
/* End XCBuildConfiguration section */

/* Begin XCConfigurationList section */
		E8FD2A621E169208001D5E8A /* Build configuration list for PBXProject "RetroCalculator" */ = {
			isa = XCConfigurationList;
			buildConfigurations = (
				E8FD2A901E169209001D5E8A /* Debug */,
				E8FD2A911E169209001D5E8A /* Release */,
			);
			defaultConfigurationIsVisible = 0;
			defaultConfigurationName = Release;
		};
		E8FD2A921E169209001D5E8A /* Build configuration list for PBXNativeTarget "RetroCalculator" */ = {
			isa = XCConfigurationList;
			buildConfigurations = (
				E8FD2A931E169209001D5E8A /* Debug */,
				E8FD2A941E169209001D5E8A /* Release */,
			);
			defaultConfigurationIsVisible = 0;
		};
		E8FD2A951E169209001D5E8A /* Build configuration list for PBXNativeTarget "RetroCalculatorTests" */ = {
			isa = XCConfigurationList;
			buildConfigurations = (
				E8FD2A961E169209001D5E8A /* Debug */,
				E8FD2A971E169209001D5E8A /* Release */,
			);
			defaultConfigurationIsVisible = 0;
		};
		E8FD2A981E169209001D5E8A /* Build configuration list for PBXNativeTarget "RetroCalculatorUITests" */ = {
			isa = XCConfigurationList;
			buildConfigurations = (
				E8FD2A991E169209001D5E8A /* Debug */,
				E8FD2A9A1E169209001D5E8A /* Release */,
			);
			defaultConfigurationIsVisible = 0;
		};
/* End XCConfigurationList section */

/* Begin XCVersionGroup section */
		E8FD2A711E169208001D5E8A /* RetroCalculator.xcdatamodeld */ = {
			isa = XCVersionGroup;
			children = (
				E8FD2A721E169208001D5E8A /* RetroCalculator.xcdatamodel */,
			);
			currentVersion = E8FD2A721E169208001D5E8A /* RetroCalculator.xcdatamodel */;
			path = RetroCalculator.xcdatamodeld;
			sourceTree = "<group>";
			versionGroupType = wrapper.xcdatamodel;
		};
/* End XCVersionGroup section */
	};
	rootObject = E8FD2A5F1E169208001D5E8A /* Project object */;
}
